// !$*UTF8*$!
{
	archiveVersion = 1;
	classes = {
	};
	objectVersion = 46;
	objects = {

/* Begin PBXBuildFile section */
		D9E005581CCDDA4E00A432BF /* AppDelegate.swift in Sources */ = {isa = PBXBuildFile; fileRef = D9E005571CCDDA4E00A432BF /* AppDelegate.swift */; };
		D9E0055A1CCDDA4E00A432BF /* ViewController.swift in Sources */ = {isa = PBXBuildFile; fileRef = D9E005591CCDDA4E00A432BF /* ViewController.swift */; };
		D9E0055D1CCDDA4E00A432BF /* Main.storyboard in Resources */ = {isa = PBXBuildFile; fileRef = D9E0055B1CCDDA4E00A432BF /* Main.storyboard */; };
		D9E0055F1CCDDA4E00A432BF /* Assets.xcassets in Resources */ = {isa = PBXBuildFile; fileRef = D9E0055E1CCDDA4E00A432BF /* Assets.xcassets */; };
		D9E005621CCDDA4E00A432BF /* LaunchScreen.storyboard in Resources */ = {isa = PBXBuildFile; fileRef = D9E005601CCDDA4E00A432BF /* LaunchScreen.storyboard */; };
/* End PBXBuildFile section */

/* Begin PBXFileReference section */
		D9E005541CCDDA4E00A432BF /* ViewAnimationsPractice.app */ = {isa = PBXFileReference; explicitFileType = wrapper.application; includeInIndex = 0; path = ViewAnimationsPractice.app; sourceTree = BUILT_PRODUCTS_DIR; };
		D9E005571CCDDA4E00A432BF /* AppDelegate.swift */ = {isa = PBXFileReference; lastKnownFileType = sourcecode.swift; path = AppDelegate.swift; sourceTree = "<group>"; };
		D9E005591CCDDA4E00A432BF /* ViewController.swift */ = {isa = PBXFileReference; lastKnownFileType = sourcecode.swift; path = ViewController.swift; sourceTree = "<group>"; };
		D9E0055C1CCDDA4E00A432BF /* Base */ = {isa = PBXFileReference; lastKnownFileType = file.storyboard; name = Base; path = Base.lproj/Main.storyboard; sourceTree = "<group>"; };
		D9E0055E1CCDDA4E00A432BF /* Assets.xcassets */ = {isa = PBXFileReference; lastKnownFileType = folder.assetcatalog; path = Assets.xcassets; sourceTree = "<group>"; };
		D9E005611CCDDA4E00A432BF /* Base */ = {isa = PBXFileReference; lastKnownFileType = file.storyboard; name = Base; path = Base.lproj/LaunchScreen.storyboard; sourceTree = "<group>"; };
		D9E005631CCDDA4E00A432BF /* Info.plist */ = {isa = PBXFileReference; lastKnownFileType = text.plist.xml; path = Info.plist; sourceTree = "<group>"; };
/* End PBXFileReference section */

/* Begin PBXFrameworksBuildPhase section */
		D9E005511CCDDA4E00A432BF /* Frameworks */ = {
			isa = PBXFrameworksBuildPhase;
			buildActionMask = 2147483647;
			files = (
			);
			runOnlyForDeploymentPostprocessing = 0;
		};
/* End PBXFrameworksBuildPhase section */

/* Begin PBXGroup section */
		D9E0054B1CCDDA4E00A432BF = {
			isa = PBXGroup;
			children = (
				D9E005561CCDDA4E00A432BF /* ViewAnimationsPractice */,
				D9E005551CCDDA4E00A432BF /* Products */,
			);
			sourceTree = "<group>";
		};
		D9E005551CCDDA4E00A432BF /* Products */ = {
			isa = PBXGroup;
			children = (
				D9E005541CCDDA4E00A432BF /* ViewAnimationsPractice.app */,
			);
			name = Products;
			sourceTree = "<group>";
		};
		D9E005561CCDDA4E00A432BF /* ViewAnimationsPractice */ = {
			isa = PBXGroup;
			children = (
				D9E005571CCDDA4E00A432BF /* AppDelegate.swift */,
				D9E005591CCDDA4E00A432BF /* ViewController.swift */,
				D9E0055B1CCDDA4E00A432BF /* Main.storyboard */,
				D9E0055E1CCDDA4E00A432BF /* Assets.xcassets */,
				D9E005601CCDDA4E00A432BF /* LaunchScreen.storyboard */,
				D9E005631CCDDA4E00A432BF /* Info.plist */,
			);
			path = ViewAnimationsPractice;
			sourceTree = "<group>";
		};
/* End PBXGroup section */

/* Begin PBXNativeTarget section */
		D9E005531CCDDA4E00A432BF /* ViewAnimationsPractice */ = {
			isa = PBXNativeTarget;
			buildConfigurationList = D9E005661CCDDA4E00A432BF /* Build configuration list for PBXNativeTarget "ViewAnimationsPractice" */;
			buildPhases = (
				D9E005501CCDDA4E00A432BF /* Sources */,
				D9E005511CCDDA4E00A432BF /* Frameworks */,
				D9E005521CCDDA4E00A432BF /* Resources */,
			);
			buildRules = (
			);
			dependencies = (
			);
			name = ViewAnimationsPractice;
			productName = ViewAnimationsPractice;
			productReference = D9E005541CCDDA4E00A432BF /* ViewAnimationsPractice.app */;
			productType = "com.apple.product-type.application";
		};
/* End PBXNativeTarget section */

/* Begin PBXProject section */
		D9E0054C1CCDDA4E00A432BF /* Project object */ = {
			isa = PBXProject;
			attributes = {
				LastSwiftUpdateCheck = 0730;
				LastUpgradeCheck = 0730;
				ORGANIZATIONNAME = mfang032;
				TargetAttributes = {
					D9E005531CCDDA4E00A432BF = {
						CreatedOnToolsVersion = 7.3;
					};
				};
			};
			buildConfigurationList = D9E0054F1CCDDA4E00A432BF /* Build configuration list for PBXProject "ViewAnimationsPractice" */;
			compatibilityVersion = "Xcode 3.2";
			developmentRegion = English;
			hasScannedForEncodings = 0;
			knownRegions = (
				en,
				Base,
			);
			mainGroup = D9E0054B1CCDDA4E00A432BF;
			productRefGroup = D9E005551CCDDA4E00A432BF /* Products */;
			projectDirPath = "";
			projectRoot = "";
			targets = (
				D9E005531CCDDA4E00A432BF /* ViewAnimationsPractice */,
			);
		};
/* End PBXProject section */

/* Begin PBXResourcesBuildPhase section */
		D9E005521CCDDA4E00A432BF /* Resources */ = {
			isa = PBXResourcesBuildPhase;
			buildActionMask = 2147483647;
			files = (
				D9E005621CCDDA4E00A432BF /* LaunchScreen.storyboard in Resources */,
				D9E0055F1CCDDA4E00A432BF /* Assets.xcassets in Resources */,
				D9E0055D1CCDDA4E00A432BF /* Main.storyboard in Resources */,
			);
			runOnlyForDeploymentPostprocessing = 0;
		};
/* End PBXResourcesBuildPhase section */

/* Begin PBXSourcesBuildPhase section */
		D9E005501CCDDA4E00A432BF /* Sources */ = {
			isa = PBXSourcesBuildPhase;
			buildActionMask = 2147483647;
			files = (
				D9E0055A1CCDDA4E00A432BF /* ViewController.swift in Sources */,
				D9E005581CCDDA4E00A432BF /* AppDelegate.swift in Sources */,
			);
			runOnlyForDeploymentPostprocessing = 0;
		};
/* End PBXSourcesBuildPhase section */

/* Begin PBXVariantGroup section */
		D9E0055B1CCDDA4E00A432BF /* Main.storyboard */ = {
			isa = PBXVariantGroup;
			children = (
				D9E0055C1CCDDA4E00A432BF /* Base */,
			);
			name = Main.storyboard;
			sourceTree = "<group>";
		};
		D9E005601CCDDA4E00A432BF /* LaunchScreen.storyboard */ = {
			isa = PBXVariantGroup;
			children = (
				D9E005611CCDDA4E00A432BF /* Base */,
			);
			name = LaunchScreen.storyboard;
			sourceTree = "<group>";
		};
/* End PBXVariantGroup section */

/* Begin XCBuildConfiguration section */
		D9E005641CCDDA4E00A432BF /* Debug */ = {
			isa = XCBuildConfiguration;
			buildSettings = {
				ALWAYS_SEARCH_USER_PATHS = NO;
				CLANG_ANALYZER_NONNULL = YES;
				CLANG_CXX_LANGUAGE_STANDARD = "gnu++0x";
				CLANG_CXX_LIBRARY = "libc++";
				CLANG_ENABLE_MODULES = YES;
				CLANG_ENABLE_OBJC_ARC = YES;
				CLANG_WARN_BOOL_CONVERSION = YES;
				CLANG_WARN_CONSTANT_CONVERSION = YES;
				CLANG_WARN_DIRECT_OBJC_ISA_USAGE = YES_ERROR;
				CLANG_WARN_EMPTY_BODY = YES;
				CLANG_WARN_ENUM_CONVERSION = YES;
				CLANG_WARN_INT_CONVERSION = YES;
				CLANG_WARN_OBJC_ROOT_CLASS = YES_ERROR;
				CLANG_WARN_UNREACHABLE_CODE = YES;
				CLANG_WARN__DUPLICATE_METHOD_MATCH = YES;
				"CODE_SIGN_IDENTITY[sdk=iphoneos*]" = "iPhone Developer";
				COPY_PHASE_STRIP = NO;
				DEBUG_INFORMATION_FORMAT = dwarf;
				ENABLE_STRICT_OBJC_MSGSEND = YES;
				ENABLE_TESTABILITY = YES;
				GCC_C_LANGUAGE_STANDARD = gnu99;
				GCC_DYNAMIC_NO_PIC = NO;
				GCC_NO_COMMON_BLOCKS = YES;
				GCC_OPTIMIZATION_LEVEL = 0;
				GCC_PREPROCESSOR_DEFINITIONS = (
					"DEBUG=1",
					"$(inherited)",
				);
				GCC_WARN_64_TO_32_BIT_CONVERSION = YES;
				GCC_WARN_ABOUT_RETURN_TYPE = YES_ERROR;
				GCC_WARN_UNDECLARED_SELECTOR = YES;
				GCC_WARN_UNINITIALIZED_AUTOS = YES_AGGRESSIVE;
				GCC_WARN_UNUSED_FUNCTION = YES;
				GCC_WARN_UNUSED_VARIABLE = YES;
				IPHONEOS_DEPLOYMENT_TARGET = 9.3;
				MTL_ENABLE_DEBUG_INFO = YES;
				ONLY_ACTIVE_ARCH = YES;
				SDKROOT = iphoneos;
				SWIFT_OPTIMIZATION_LEVEL = "-Onone";
				TARGETED_DEVICE_FAMILY = "1,2";
			};
			name = Debug;
		};
		D9E005651CCDDA4E00A432BF /* Release */ = {
			isa = XCBuildConfiguration;
			buildSettings = {
				ALWAYS_SEARCH_USER_PATHS = NO;
				CLANG_ANALYZER_NONNULL = YES;
				CLANG_CXX_LANGUAGE_STANDARD = "gnu++0x";
				CLANG_CXX_LIBRARY = "libc++";
				CLANG_ENABLE_MODULES = YES;
				CLANG_ENABLE_OBJC_ARC = YES;
				CLANG_WARN_BOOL_CONVERSION = YES;
				CLANG_WARN_CONSTANT_CONVERSION = YES;
				CLANG_WARN_DIRECT_OBJC_ISA_USAGE = YES_ERROR;
				CLANG_WARN_EMPTY_BODY = YES;
				CLANG_WARN_ENUM_CONVERSION = YES;
				CLANG_WARN_INT_CONVERSION = YES;
				CLANG_WARN_OBJC_ROOT_CLASS = YES_ERROR;
				CLANG_WARN_UNREACHABLE_CODE = YES;
				CLANG_WARN__DUPLICATE_METHOD_MATCH = YES;
				"CODE_SIGN_IDENTITY[sdk=iphoneos*]" = "iPhone Developer";
				COPY_PHASE_STRIP = NO;
				DEBUG_INFORMATION_FORMAT = "dwarf-with-dsym";
				ENABLE_NS_ASSERTIONS = NO;
				ENABLE_STRICT_OBJC_MSGSEND = YES;
				GCC_C_LANGUAGE_STANDARD = gnu99;
				GCC_NO_COMMON_BLOCKS = YES;
				GCC_WARN_64_TO_32_BIT_CONVERSION = YES;
				GCC_WARN_ABOUT_RETURN_TYPE = YES_ERROR;
				GCC_WARN_UNDECLARED_SELECTOR = YES;
				GCC_WARN_UNINITIALIZED_AUTOS = YES_AGGRESSIVE;
				GCC_WARN_UNUSED_FUNCTION = YES;
				GCC_WARN_UNUSED_VARIABLE = YES;
				IPHONEOS_DEPLOYMENT_TARGET = 9.3;
				MTL_ENABLE_DEBUG_INFO = NO;
				SDKROOT = iphoneos;
				TARGETED_DEVICE_FAMILY = "1,2";
				VALIDATE_PRODUCT = YES;
			};
			name = Release;
		};
		D9E005671CCDDA4E00A432BF /* Debug */ = {
			isa = XCBuildConfiguration;
			buildSettings = {
				ASSETCATALOG_COMPILER_APPICON_NAME = AppIcon;
				INFOPLIST_FILE = ViewAnimationsPractice/Info.plist;
				LD_RUNPATH_SEARCH_PATHS = "$(inherited) @executable_path/Frameworks";
				PRODUCT_BUNDLE_IDENTIFIER = mfang032.ViewAnimationsPractice;
				PRODUCT_NAME = "$(TARGET_NAME)";
			};
			name = Debug;
		};
		D9E005681CCDDA4E00A432BF /* Release */ = {
			isa = XCBuildConfiguration;
			buildSettings = {
				ASSETCATALOG_COMPILER_APPICON_NAME = AppIcon;
				INFOPLIST_FILE = ViewAnimationsPractice/Info.plist;
				LD_RUNPATH_SEARCH_PATHS = "$(inherited) @executable_path/Frameworks";
				PRODUCT_BUNDLE_IDENTIFIER = mfang032.ViewAnimationsPractice;
				PRODUCT_NAME = "$(TARGET_NAME)";
			};
			name = Release;
		};
/* End XCBuildConfiguration section */

/* Begin XCConfigurationList section */
		D9E0054F1CCDDA4E00A432BF /* Build configuration list for PBXProject "ViewAnimationsPractice" */ = {
			isa = XCConfigurationList;
			buildConfigurations = (
				D9E005641CCDDA4E00A432BF /* Debug */,
				D9E005651CCDDA4E00A432BF /* Release */,
			);
			defaultConfigurationIsVisible = 0;
			defaultConfigurationName = Release;
		};
		D9E005661CCDDA4E00A432BF /* Build configuration list for PBXNativeTarget "ViewAnimationsPractice" */ = {
			isa = XCConfigurationList;
			buildConfigurations = (
				D9E005671CCDDA4E00A432BF /* Debug */,
				D9E005681CCDDA4E00A432BF /* Release */,
			);
			defaultConfigurationIsVisible = 0;
		};
/* End XCConfigurationList section */
	};
	rootObject = D9E0054C1CCDDA4E00A432BF /* Project object */;
}
