// !$*UTF8*$!
{
	archiveVersion = 1;
	classes = {
	};
	objectVersion = 46;
	objects = {

/* Begin PBXBuildFile section */
		D9D61A5E1BD725A400A3F0F2 /* AppDelegate.swift in Sources */ = {isa = PBXBuildFile; fileRef = D9D61A5D1BD725A400A3F0F2 /* AppDelegate.swift */; };
		D9D61A601BD725A400A3F0F2 /* ViewController.swift in Sources */ = {isa = PBXBuildFile; fileRef = D9D61A5F1BD725A400A3F0F2 /* ViewController.swift */; };
		D9D61A631BD725A400A3F0F2 /* Main.storyboard in Resources */ = {isa = PBXBuildFile; fileRef = D9D61A611BD725A400A3F0F2 /* Main.storyboard */; };
		D9D61A651BD725A400A3F0F2 /* Assets.xcassets in Resources */ = {isa = PBXBuildFile; fileRef = D9D61A641BD725A400A3F0F2 /* Assets.xcassets */; };
		D9D61A681BD725A400A3F0F2 /* LaunchScreen.storyboard in Resources */ = {isa = PBXBuildFile; fileRef = D9D61A661BD725A400A3F0F2 /* LaunchScreen.storyboard */; };
		D9D61A731BD725A400A3F0F2 /* KeyBoardTests.swift in Sources */ = {isa = PBXBuildFile; fileRef = D9D61A721BD725A400A3F0F2 /* KeyBoardTests.swift */; };
		D9D61A7E1BD725A400A3F0F2 /* KeyBoardUITests.swift in Sources */ = {isa = PBXBuildFile; fileRef = D9D61A7D1BD725A400A3F0F2 /* KeyBoardUITests.swift */; };
/* End PBXBuildFile section */

/* Begin PBXContainerItemProxy section */
		D9D61A6F1BD725A400A3F0F2 /* PBXContainerItemProxy */ = {
			isa = PBXContainerItemProxy;
			containerPortal = D9D61A521BD725A400A3F0F2 /* Project object */;
			proxyType = 1;
			remoteGlobalIDString = D9D61A591BD725A400A3F0F2;
			remoteInfo = KeyBoard;
		};
		D9D61A7A1BD725A400A3F0F2 /* PBXContainerItemProxy */ = {
			isa = PBXContainerItemProxy;
			containerPortal = D9D61A521BD725A400A3F0F2 /* Project object */;
			proxyType = 1;
			remoteGlobalIDString = D9D61A591BD725A400A3F0F2;
			remoteInfo = KeyBoard;
		};
/* End PBXContainerItemProxy section */

/* Begin PBXFileReference section */
		D9D61A5A1BD725A400A3F0F2 /* KeyBoard.app */ = {isa = PBXFileReference; explicitFileType = wrapper.application; includeInIndex = 0; path = KeyBoard.app; sourceTree = BUILT_PRODUCTS_DIR; };
		D9D61A5D1BD725A400A3F0F2 /* AppDelegate.swift */ = {isa = PBXFileReference; lastKnownFileType = sourcecode.swift; path = AppDelegate.swift; sourceTree = "<group>"; };
		D9D61A5F1BD725A400A3F0F2 /* ViewController.swift */ = {isa = PBXFileReference; lastKnownFileType = sourcecode.swift; path = ViewController.swift; sourceTree = "<group>"; };
		D9D61A621BD725A400A3F0F2 /* Base */ = {isa = PBXFileReference; lastKnownFileType = file.storyboard; name = Base; path = Base.lproj/Main.storyboard; sourceTree = "<group>"; };
		D9D61A641BD725A400A3F0F2 /* Assets.xcassets */ = {isa = PBXFileReference; lastKnownFileType = folder.assetcatalog; path = Assets.xcassets; sourceTree = "<group>"; };
		D9D61A671BD725A400A3F0F2 /* Base */ = {isa = PBXFileReference; lastKnownFileType = file.storyboard; name = Base; path = Base.lproj/LaunchScreen.storyboard; sourceTree = "<group>"; };
		D9D61A691BD725A400A3F0F2 /* Info.plist */ = {isa = PBXFileReference; lastKnownFileType = text.plist.xml; path = Info.plist; sourceTree = "<group>"; };
		D9D61A6E1BD725A400A3F0F2 /* KeyBoardTests.xctest */ = {isa = PBXFileReference; explicitFileType = wrapper.cfbundle; includeInIndex = 0; path = KeyBoardTests.xctest; sourceTree = BUILT_PRODUCTS_DIR; };
		D9D61A721BD725A400A3F0F2 /* KeyBoardTests.swift */ = {isa = PBXFileReference; lastKnownFileType = sourcecode.swift; path = KeyBoardTests.swift; sourceTree = "<group>"; };
		D9D61A741BD725A400A3F0F2 /* Info.plist */ = {isa = PBXFileReference; lastKnownFileType = text.plist.xml; path = Info.plist; sourceTree = "<group>"; };
		D9D61A791BD725A400A3F0F2 /* KeyBoardUITests.xctest */ = {isa = PBXFileReference; explicitFileType = wrapper.cfbundle; includeInIndex = 0; path = KeyBoardUITests.xctest; sourceTree = BUILT_PRODUCTS_DIR; };
		D9D61A7D1BD725A400A3F0F2 /* KeyBoardUITests.swift */ = {isa = PBXFileReference; lastKnownFileType = sourcecode.swift; path = KeyBoardUITests.swift; sourceTree = "<group>"; };
		D9D61A7F1BD725A400A3F0F2 /* Info.plist */ = {isa = PBXFileReference; lastKnownFileType = text.plist.xml; path = Info.plist; sourceTree = "<group>"; };
/* End PBXFileReference section */

/* Begin PBXFrameworksBuildPhase section */
		D9D61A571BD725A400A3F0F2 /* Frameworks */ = {
			isa = PBXFrameworksBuildPhase;
			buildActionMask = 2147483647;
			files = (
			);
			runOnlyForDeploymentPostprocessing = 0;
		};
		D9D61A6B1BD725A400A3F0F2 /* Frameworks */ = {
			isa = PBXFrameworksBuildPhase;
			buildActionMask = 2147483647;
			files = (
			);
			runOnlyForDeploymentPostprocessing = 0;
		};
		D9D61A761BD725A400A3F0F2 /* Frameworks */ = {
			isa = PBXFrameworksBuildPhase;
			buildActionMask = 2147483647;
			files = (
			);
			runOnlyForDeploymentPostprocessing = 0;
		};
/* End PBXFrameworksBuildPhase section */

/* Begin PBXGroup section */
		D9D61A511BD725A400A3F0F2 = {
			isa = PBXGroup;
			children = (
				D9D61A5C1BD725A400A3F0F2 /* KeyBoard */,
				D9D61A711BD725A400A3F0F2 /* KeyBoardTests */,
				D9D61A7C1BD725A400A3F0F2 /* KeyBoardUITests */,
				D9D61A5B1BD725A400A3F0F2 /* Products */,
			);
			sourceTree = "<group>";
		};
		D9D61A5B1BD725A400A3F0F2 /* Products */ = {
			isa = PBXGroup;
			children = (
				D9D61A5A1BD725A400A3F0F2 /* KeyBoard.app */,
				D9D61A6E1BD725A400A3F0F2 /* KeyBoardTests.xctest */,
				D9D61A791BD725A400A3F0F2 /* KeyBoardUITests.xctest */,
			);
			name = Products;
			sourceTree = "<group>";
		};
		D9D61A5C1BD725A400A3F0F2 /* KeyBoard */ = {
			isa = PBXGroup;
			children = (
				D9D61A5D1BD725A400A3F0F2 /* AppDelegate.swift */,
				D9D61A5F1BD725A400A3F0F2 /* ViewController.swift */,
				D9D61A611BD725A400A3F0F2 /* Main.storyboard */,
				D9D61A641BD725A400A3F0F2 /* Assets.xcassets */,
				D9D61A661BD725A400A3F0F2 /* LaunchScreen.storyboard */,
				D9D61A691BD725A400A3F0F2 /* Info.plist */,
			);
			path = KeyBoard;
			sourceTree = "<group>";
		};
		D9D61A711BD725A400A3F0F2 /* KeyBoardTests */ = {
			isa = PBXGroup;
			children = (
				D9D61A721BD725A400A3F0F2 /* KeyBoardTests.swift */,
				D9D61A741BD725A400A3F0F2 /* Info.plist */,
			);
			path = KeyBoardTests;
			sourceTree = "<group>";
		};
		D9D61A7C1BD725A400A3F0F2 /* KeyBoardUITests */ = {
			isa = PBXGroup;
			children = (
				D9D61A7D1BD725A400A3F0F2 /* KeyBoardUITests.swift */,
				D9D61A7F1BD725A400A3F0F2 /* Info.plist */,
			);
			path = KeyBoardUITests;
			sourceTree = "<group>";
		};
/* End PBXGroup section */

/* Begin PBXNativeTarget section */
		D9D61A591BD725A400A3F0F2 /* KeyBoard */ = {
			isa = PBXNativeTarget;
			buildConfigurationList = D9D61A821BD725A400A3F0F2 /* Build configuration list for PBXNativeTarget "KeyBoard" */;
			buildPhases = (
				D9D61A561BD725A400A3F0F2 /* Sources */,
				D9D61A571BD725A400A3F0F2 /* Frameworks */,
				D9D61A581BD725A400A3F0F2 /* Resources */,
			);
			buildRules = (
			);
			dependencies = (
			);
			name = KeyBoard;
			productName = KeyBoard;
			productReference = D9D61A5A1BD725A400A3F0F2 /* KeyBoard.app */;
			productType = "com.apple.product-type.application";
		};
		D9D61A6D1BD725A400A3F0F2 /* KeyBoardTests */ = {
			isa = PBXNativeTarget;
			buildConfigurationList = D9D61A851BD725A400A3F0F2 /* Build configuration list for PBXNativeTarget "KeyBoardTests" */;
			buildPhases = (
				D9D61A6A1BD725A400A3F0F2 /* Sources */,
				D9D61A6B1BD725A400A3F0F2 /* Frameworks */,
				D9D61A6C1BD725A400A3F0F2 /* Resources */,
			);
			buildRules = (
			);
			dependencies = (
				D9D61A701BD725A400A3F0F2 /* PBXTargetDependency */,
			);
			name = KeyBoardTests;
			productName = KeyBoardTests;
			productReference = D9D61A6E1BD725A400A3F0F2 /* KeyBoardTests.xctest */;
			productType = "com.apple.product-type.bundle.unit-test";
		};
		D9D61A781BD725A400A3F0F2 /* KeyBoardUITests */ = {
			isa = PBXNativeTarget;
			buildConfigurationList = D9D61A881BD725A400A3F0F2 /* Build configuration list for PBXNativeTarget "KeyBoardUITests" */;
			buildPhases = (
				D9D61A751BD725A400A3F0F2 /* Sources */,
				D9D61A761BD725A400A3F0F2 /* Frameworks */,
				D9D61A771BD725A400A3F0F2 /* Resources */,
			);
			buildRules = (
			);
			dependencies = (
				D9D61A7B1BD725A400A3F0F2 /* PBXTargetDependency */,
			);
			name = KeyBoardUITests;
			productName = KeyBoardUITests;
			productReference = D9D61A791BD725A400A3F0F2 /* KeyBoardUITests.xctest */;
			productType = "com.apple.product-type.bundle.ui-testing";
		};
/* End PBXNativeTarget section */

/* Begin PBXProject section */
		D9D61A521BD725A400A3F0F2 /* Project object */ = {
			isa = PBXProject;
			attributes = {
				LastUpgradeCheck = 0700;
				ORGANIZATIONNAME = mfang032;
				TargetAttributes = {
					D9D61A591BD725A400A3F0F2 = {
						CreatedOnToolsVersion = 7.0.1;
					};
					D9D61A6D1BD725A400A3F0F2 = {
						CreatedOnToolsVersion = 7.0.1;
						TestTargetID = D9D61A591BD725A400A3F0F2;
					};
					D9D61A781BD725A400A3F0F2 = {
						CreatedOnToolsVersion = 7.0.1;
						TestTargetID = D9D61A591BD725A400A3F0F2;
					};
				};
			};
			buildConfigurationList = D9D61A551BD725A400A3F0F2 /* Build configuration list for PBXProject "KeyBoard" */;
			compatibilityVersion = "Xcode 3.2";
			developmentRegion = English;
			hasScannedForEncodings = 0;
			knownRegions = (
				en,
				Base,
			);
			mainGroup = D9D61A511BD725A400A3F0F2;
			productRefGroup = D9D61A5B1BD725A400A3F0F2 /* Products */;
			projectDirPath = "";
			projectRoot = "";
			targets = (
				D9D61A591BD725A400A3F0F2 /* KeyBoard */,
				D9D61A6D1BD725A400A3F0F2 /* KeyBoardTests */,
				D9D61A781BD725A400A3F0F2 /* KeyBoardUITests */,
			);
		};
/* End PBXProject section */

/* Begin PBXResourcesBuildPhase section */
		D9D61A581BD725A400A3F0F2 /* Resources */ = {
			isa = PBXResourcesBuildPhase;
			buildActionMask = 2147483647;
			files = (
				D9D61A681BD725A400A3F0F2 /* LaunchScreen.storyboard in Resources */,
				D9D61A651BD725A400A3F0F2 /* Assets.xcassets in Resources */,
				D9D61A631BD725A400A3F0F2 /* Main.storyboard in Resources */,
			);
			runOnlyForDeploymentPostprocessing = 0;
		};
		D9D61A6C1BD725A400A3F0F2 /* Resources */ = {
			isa = PBXResourcesBuildPhase;
			buildActionMask = 2147483647;
			files = (
			);
			runOnlyForDeploymentPostprocessing = 0;
		};
		D9D61A771BD725A400A3F0F2 /* Resources */ = {
			isa = PBXResourcesBuildPhase;
			buildActionMask = 2147483647;
			files = (
			);
			runOnlyForDeploymentPostprocessing = 0;
		};
/* End PBXResourcesBuildPhase section */

/* Begin PBXSourcesBuildPhase section */
		D9D61A561BD725A400A3F0F2 /* Sources */ = {
			isa = PBXSourcesBuildPhase;
			buildActionMask = 2147483647;
			files = (
				D9D61A601BD725A400A3F0F2 /* ViewController.swift in Sources */,
				D9D61A5E1BD725A400A3F0F2 /* AppDelegate.swift in Sources */,
			);
			runOnlyForDeploymentPostprocessing = 0;
		};
		D9D61A6A1BD725A400A3F0F2 /* Sources */ = {
			isa = PBXSourcesBuildPhase;
			buildActionMask = 2147483647;
			files = (
				D9D61A731BD725A400A3F0F2 /* KeyBoardTests.swift in Sources */,
			);
			runOnlyForDeploymentPostprocessing = 0;
		};
		D9D61A751BD725A400A3F0F2 /* Sources */ = {
			isa = PBXSourcesBuildPhase;
			buildActionMask = 2147483647;
			files = (
				D9D61A7E1BD725A400A3F0F2 /* KeyBoardUITests.swift in Sources */,
			);
			runOnlyForDeploymentPostprocessing = 0;
		};
/* End PBXSourcesBuildPhase section */

/* Begin PBXTargetDependency section */
		D9D61A701BD725A400A3F0F2 /* PBXTargetDependency */ = {
			isa = PBXTargetDependency;
			target = D9D61A591BD725A400A3F0F2 /* KeyBoard */;
			targetProxy = D9D61A6F1BD725A400A3F0F2 /* PBXContainerItemProxy */;
		};
		D9D61A7B1BD725A400A3F0F2 /* PBXTargetDependency */ = {
			isa = PBXTargetDependency;
			target = D9D61A591BD725A400A3F0F2 /* KeyBoard */;
			targetProxy = D9D61A7A1BD725A400A3F0F2 /* PBXContainerItemProxy */;
		};
/* End PBXTargetDependency section */

/* Begin PBXVariantGroup section */
		D9D61A611BD725A400A3F0F2 /* Main.storyboard */ = {
			isa = PBXVariantGroup;
			children = (
				D9D61A621BD725A400A3F0F2 /* Base */,
			);
			name = Main.storyboard;
			sourceTree = "<group>";
		};
		D9D61A661BD725A400A3F0F2 /* LaunchScreen.storyboard */ = {
			isa = PBXVariantGroup;
			children = (
				D9D61A671BD725A400A3F0F2 /* Base */,
			);
			name = LaunchScreen.storyboard;
			sourceTree = "<group>";
		};
/* End PBXVariantGroup section */

/* Begin XCBuildConfiguration section */
		D9D61A801BD725A400A3F0F2 /* Debug */ = {
			isa = XCBuildConfiguration;
			buildSettings = {
				ALWAYS_SEARCH_USER_PATHS = NO;
				CLANG_CXX_LANGUAGE_STANDARD = "gnu++0x";
				CLANG_CXX_LIBRARY = "libc++";
				CLANG_ENABLE_MODULES = YES;
				CLANG_ENABLE_OBJC_ARC = YES;
				CLANG_WARN_BOOL_CONVERSION = YES;
				CLANG_WARN_CONSTANT_CONVERSION = YES;
				CLANG_WARN_DIRECT_OBJC_ISA_USAGE = YES_ERROR;
				CLANG_WARN_EMPTY_BODY = YES;
				CLANG_WARN_ENUM_CONVERSION = YES;
				CLANG_WARN_INT_CONVERSION = YES;
				CLANG_WARN_OBJC_ROOT_CLASS = YES_ERROR;
				CLANG_WARN_UNREACHABLE_CODE = YES;
				CLANG_WARN__DUPLICATE_METHOD_MATCH = YES;
				"CODE_SIGN_IDENTITY[sdk=iphoneos*]" = "iPhone Developer";
				COPY_PHASE_STRIP = NO;
				DEBUG_INFORMATION_FORMAT = dwarf;
				ENABLE_STRICT_OBJC_MSGSEND = YES;
				ENABLE_TESTABILITY = YES;
				GCC_C_LANGUAGE_STANDARD = gnu99;
				GCC_DYNAMIC_NO_PIC = NO;
				GCC_NO_COMMON_BLOCKS = YES;
				GCC_OPTIMIZATION_LEVEL = 0;
				GCC_PREPROCESSOR_DEFINITIONS = (
					"DEBUG=1",
					"$(inherited)",
				);
				GCC_WARN_64_TO_32_BIT_CONVERSION = YES;
				GCC_WARN_ABOUT_RETURN_TYPE = YES_ERROR;
				GCC_WARN_UNDECLARED_SELECTOR = YES;
				GCC_WARN_UNINITIALIZED_AUTOS = YES_AGGRESSIVE;
				GCC_WARN_UNUSED_FUNCTION = YES;
				GCC_WARN_UNUSED_VARIABLE = YES;
				IPHONEOS_DEPLOYMENT_TARGET = 9.0;
				MTL_ENABLE_DEBUG_INFO = YES;
				ONLY_ACTIVE_ARCH = YES;
				SDKROOT = iphoneos;
				SWIFT_OPTIMIZATION_LEVEL = "-Onone";
				TARGETED_DEVICE_FAMILY = "1,2";
			};
			name = Debug;
		};
		D9D61A811BD725A400A3F0F2 /* Release */ = {
			isa = XCBuildConfiguration;
			buildSettings = {
				ALWAYS_SEARCH_USER_PATHS = NO;
				CLANG_CXX_LANGUAGE_STANDARD = "gnu++0x";
				CLANG_CXX_LIBRARY = "libc++";
				CLANG_ENABLE_MODULES = YES;
				CLANG_ENABLE_OBJC_ARC = YES;
				CLANG_WARN_BOOL_CONVERSION = YES;
				CLANG_WARN_CONSTANT_CONVERSION = YES;
				CLANG_WARN_DIRECT_OBJC_ISA_USAGE = YES_ERROR;
				CLANG_WARN_EMPTY_BODY = YES;
				CLANG_WARN_ENUM_CONVERSION = YES;
				CLANG_WARN_INT_CONVERSION = YES;
				CLANG_WARN_OBJC_ROOT_CLASS = YES_ERROR;
				CLANG_WARN_UNREACHABLE_CODE = YES;
				CLANG_WARN__DUPLICATE_METHOD_MATCH = YES;
				"CODE_SIGN_IDENTITY[sdk=iphoneos*]" = "iPhone Developer";
				COPY_PHASE_STRIP = NO;
				DEBUG_INFORMATION_FORMAT = "dwarf-with-dsym";
				ENABLE_NS_ASSERTIONS = NO;
				ENABLE_STRICT_OBJC_MSGSEND = YES;
				GCC_C_LANGUAGE_STANDARD = gnu99;
				GCC_NO_COMMON_BLOCKS = YES;
				GCC_WARN_64_TO_32_BIT_CONVERSION = YES;
				GCC_WARN_ABOUT_RETURN_TYPE = YES_ERROR;
				GCC_WARN_UNDECLARED_SELECTOR = YES;
				GCC_WARN_UNINITIALIZED_AUTOS = YES_AGGRESSIVE;
				GCC_WARN_UNUSED_FUNCTION = YES;
				GCC_WARN_UNUSED_VARIABLE = YES;
				IPHONEOS_DEPLOYMENT_TARGET = 9.0;
				MTL_ENABLE_DEBUG_INFO = NO;
				SDKROOT = iphoneos;
				TARGETED_DEVICE_FAMILY = "1,2";
				VALIDATE_PRODUCT = YES;
			};
			name = Release;
		};
		D9D61A831BD725A400A3F0F2 /* Debug */ = {
			isa = XCBuildConfiguration;
			buildSettings = {
				ASSETCATALOG_COMPILER_APPICON_NAME = AppIcon;
				INFOPLIST_FILE = KeyBoard/Info.plist;
				LD_RUNPATH_SEARCH_PATHS = "$(inherited) @executable_path/Frameworks";
				PRODUCT_BUNDLE_IDENTIFIER = mfang032.KeyBoard;
				PRODUCT_NAME = "$(TARGET_NAME)";
			};
			name = Debug;
		};
		D9D61A841BD725A400A3F0F2 /* Release */ = {
			isa = XCBuildConfiguration;
			buildSettings = {
				ASSETCATALOG_COMPILER_APPICON_NAME = AppIcon;
				INFOPLIST_FILE = KeyBoard/Info.plist;
				LD_RUNPATH_SEARCH_PATHS = "$(inherited) @executable_path/Frameworks";
				PRODUCT_BUNDLE_IDENTIFIER = mfang032.KeyBoard;
				PRODUCT_NAME = "$(TARGET_NAME)";
			};
			name = Release;
		};
		D9D61A861BD725A400A3F0F2 /* Debug */ = {
			isa = XCBuildConfiguration;
			buildSettings = {
				BUNDLE_LOADER = "$(TEST_HOST)";
				INFOPLIST_FILE = KeyBoardTests/Info.plist;
				LD_RUNPATH_SEARCH_PATHS = "$(inherited) @executable_path/Frameworks @loader_path/Frameworks";
				PRODUCT_BUNDLE_IDENTIFIER = mfang032.KeyBoardTests;
				PRODUCT_NAME = "$(TARGET_NAME)";
				TEST_HOST = "$(BUILT_PRODUCTS_DIR)/KeyBoard.app/KeyBoard";
			};
			name = Debug;
		};
		D9D61A871BD725A400A3F0F2 /* Release */ = {
			isa = XCBuildConfiguration;
			buildSettings = {
				BUNDLE_LOADER = "$(TEST_HOST)";
				INFOPLIST_FILE = KeyBoardTests/Info.plist;
				LD_RUNPATH_SEARCH_PATHS = "$(inherited) @executable_path/Frameworks @loader_path/Frameworks";
				PRODUCT_BUNDLE_IDENTIFIER = mfang032.KeyBoardTests;
				PRODUCT_NAME = "$(TARGET_NAME)";
				TEST_HOST = "$(BUILT_PRODUCTS_DIR)/KeyBoard.app/KeyBoard";
			};
			name = Release;
		};
		D9D61A891BD725A400A3F0F2 /* Debug */ = {
			isa = XCBuildConfiguration;
			buildSettings = {
				INFOPLIST_FILE = KeyBoardUITests/Info.plist;
				LD_RUNPATH_SEARCH_PATHS = "$(inherited) @executable_path/Frameworks @loader_path/Frameworks";
				PRODUCT_BUNDLE_IDENTIFIER = mfang032.KeyBoardUITests;
				PRODUCT_NAME = "$(TARGET_NAME)";
				TEST_TARGET_NAME = KeyBoard;
				USES_XCTRUNNER = YES;
			};
			name = Debug;
		};
		D9D61A8A1BD725A400A3F0F2 /* Release */ = {
			isa = XCBuildConfiguration;
			buildSettings = {
				INFOPLIST_FILE = KeyBoardUITests/Info.plist;
				LD_RUNPATH_SEARCH_PATHS = "$(inherited) @executable_path/Frameworks @loader_path/Frameworks";
				PRODUCT_BUNDLE_IDENTIFIER = mfang032.KeyBoardUITests;
				PRODUCT_NAME = "$(TARGET_NAME)";
				TEST_TARGET_NAME = KeyBoard;
				USES_XCTRUNNER = YES;
			};
			name = Release;
		};
/* End XCBuildConfiguration section */

/* Begin XCConfigurationList section */
		D9D61A551BD725A400A3F0F2 /* Build configuration list for PBXProject "KeyBoard" */ = {
			isa = XCConfigurationList;
			buildConfigurations = (
				D9D61A801BD725A400A3F0F2 /* Debug */,
				D9D61A811BD725A400A3F0F2 /* Release */,
			);
			defaultConfigurationIsVisible = 0;
			defaultConfigurationName = Release;
		};
		D9D61A821BD725A400A3F0F2 /* Build configuration list for PBXNativeTarget "KeyBoard" */ = {
			isa = XCConfigurationList;
			buildConfigurations = (
				D9D61A831BD725A400A3F0F2 /* Debug */,
				D9D61A841BD725A400A3F0F2 /* Release */,
			);
			defaultConfigurationIsVisible = 0;
		};
		D9D61A851BD725A400A3F0F2 /* Build configuration list for PBXNativeTarget "KeyBoardTests" */ = {
			isa = XCConfigurationList;
			buildConfigurations = (
				D9D61A861BD725A400A3F0F2 /* Debug */,
				D9D61A871BD725A400A3F0F2 /* Release */,
			);
			defaultConfigurationIsVisible = 0;
		};
		D9D61A881BD725A400A3F0F2 /* Build configuration list for PBXNativeTarget "KeyBoardUITests" */ = {
			isa = XCConfigurationList;
			buildConfigurations = (
				D9D61A891BD725A400A3F0F2 /* Debug */,
				D9D61A8A1BD725A400A3F0F2 /* Release */,
			);
			defaultConfigurationIsVisible = 0;
		};
/* End XCConfigurationList section */
	};
	rootObject = D9D61A521BD725A400A3F0F2 /* Project object */;
}
