// !$*UTF8*$!
{
	archiveVersion = 1;
	classes = {
	};
	objectVersion = 46;
	objects = {

/* Begin PBXBuildFile section */
		9F2282661DAE7122009CEF16 /* AppDelegate.swift in Sources */ = {isa = PBXBuildFile; fileRef = 9F2282651DAE7122009CEF16 /* AppDelegate.swift */; };
		9F2282681DAE7122009CEF16 /* ViewController.swift in Sources */ = {isa = PBXBuildFile; fileRef = 9F2282671DAE7122009CEF16 /* ViewController.swift */; };
		9F22826B1DAE7122009CEF16 /* Main.storyboard in Resources */ = {isa = PBXBuildFile; fileRef = 9F2282691DAE7122009CEF16 /* Main.storyboard */; };
		9F22826D1DAE7122009CEF16 /* Assets.xcassets in Resources */ = {isa = PBXBuildFile; fileRef = 9F22826C1DAE7122009CEF16 /* Assets.xcassets */; };
		9F2282701DAE7122009CEF16 /* LaunchScreen.storyboard in Resources */ = {isa = PBXBuildFile; fileRef = 9F22826E1DAE7122009CEF16 /* LaunchScreen.storyboard */; };
/* End PBXBuildFile section */

/* Begin PBXFileReference section */
		9F2282621DAE7122009CEF16 /* Queue.app */ = {isa = PBXFileReference; explicitFileType = wrapper.application; includeInIndex = 0; path = Queue.app; sourceTree = BUILT_PRODUCTS_DIR; };
		9F2282651DAE7122009CEF16 /* AppDelegate.swift */ = {isa = PBXFileReference; lastKnownFileType = sourcecode.swift; path = AppDelegate.swift; sourceTree = "<group>"; };
		9F2282671DAE7122009CEF16 /* ViewController.swift */ = {isa = PBXFileReference; lastKnownFileType = sourcecode.swift; path = ViewController.swift; sourceTree = "<group>"; };
		9F22826A1DAE7122009CEF16 /* Base */ = {isa = PBXFileReference; lastKnownFileType = file.storyboard; name = Base; path = Base.lproj/Main.storyboard; sourceTree = "<group>"; };
		9F22826C1DAE7122009CEF16 /* Assets.xcassets */ = {isa = PBXFileReference; lastKnownFileType = folder.assetcatalog; path = Assets.xcassets; sourceTree = "<group>"; };
		9F22826F1DAE7122009CEF16 /* Base */ = {isa = PBXFileReference; lastKnownFileType = file.storyboard; name = Base; path = Base.lproj/LaunchScreen.storyboard; sourceTree = "<group>"; };
		9F2282711DAE7123009CEF16 /* Info.plist */ = {isa = PBXFileReference; lastKnownFileType = text.plist.xml; path = Info.plist; sourceTree = "<group>"; };
/* End PBXFileReference section */

/* Begin PBXFrameworksBuildPhase section */
		9F22825F1DAE7122009CEF16 /* Frameworks */ = {
			isa = PBXFrameworksBuildPhase;
			buildActionMask = 2147483647;
			files = (
			);
			runOnlyForDeploymentPostprocessing = 0;
		};
/* End PBXFrameworksBuildPhase section */

/* Begin PBXGroup section */
		9F2282591DAE7122009CEF16 = {
			isa = PBXGroup;
			children = (
				9F2282641DAE7122009CEF16 /* Queue */,
				9F2282631DAE7122009CEF16 /* Products */,
			);
			sourceTree = "<group>";
		};
		9F2282631DAE7122009CEF16 /* Products */ = {
			isa = PBXGroup;
			children = (
				9F2282621DAE7122009CEF16 /* Queue.app */,
			);
			name = Products;
			sourceTree = "<group>";
		};
		9F2282641DAE7122009CEF16 /* Queue */ = {
			isa = PBXGroup;
			children = (
				9F2282651DAE7122009CEF16 /* AppDelegate.swift */,
				9F2282671DAE7122009CEF16 /* ViewController.swift */,
				9F2282691DAE7122009CEF16 /* Main.storyboard */,
				9F22826C1DAE7122009CEF16 /* Assets.xcassets */,
				9F22826E1DAE7122009CEF16 /* LaunchScreen.storyboard */,
				9F2282711DAE7123009CEF16 /* Info.plist */,
			);
			path = Queue;
			sourceTree = "<group>";
		};
/* End PBXGroup section */

/* Begin PBXNativeTarget section */
		9F2282611DAE7122009CEF16 /* Queue */ = {
			isa = PBXNativeTarget;
			buildConfigurationList = 9F2282741DAE7123009CEF16 /* Build configuration list for PBXNativeTarget "Queue" */;
			buildPhases = (
				9F22825E1DAE7122009CEF16 /* Sources */,
				9F22825F1DAE7122009CEF16 /* Frameworks */,
				9F2282601DAE7122009CEF16 /* Resources */,
			);
			buildRules = (
			);
			dependencies = (
			);
			name = Queue;
			productName = Queue;
			productReference = 9F2282621DAE7122009CEF16 /* Queue.app */;
			productType = "com.apple.product-type.application";
		};
/* End PBXNativeTarget section */

/* Begin PBXProject section */
		9F22825A1DAE7122009CEF16 /* Project object */ = {
			isa = PBXProject;
			attributes = {
				LastSwiftUpdateCheck = 0800;
				LastUpgradeCheck = 0800;
				ORGANIZATIONNAME = Michael;
				TargetAttributes = {
					9F2282611DAE7122009CEF16 = {
						CreatedOnToolsVersion = 8.0;
						DevelopmentTeam = SQ372R9AF7;
						ProvisioningStyle = Automatic;
					};
				};
			};
			buildConfigurationList = 9F22825D1DAE7122009CEF16 /* Build configuration list for PBXProject "Queue" */;
			compatibilityVersion = "Xcode 3.2";
			developmentRegion = English;
			hasScannedForEncodings = 0;
			knownRegions = (
				en,
				Base,
			);
			mainGroup = 9F2282591DAE7122009CEF16;
			productRefGroup = 9F2282631DAE7122009CEF16 /* Products */;
			projectDirPath = "";
			projectRoot = "";
			targets = (
				9F2282611DAE7122009CEF16 /* Queue */,
			);
		};
/* End PBXProject section */

/* Begin PBXResourcesBuildPhase section */
		9F2282601DAE7122009CEF16 /* Resources */ = {
			isa = PBXResourcesBuildPhase;
			buildActionMask = 2147483647;
			files = (
				9F2282701DAE7122009CEF16 /* LaunchScreen.storyboard in Resources */,
				9F22826D1DAE7122009CEF16 /* Assets.xcassets in Resources */,
				9F22826B1DAE7122009CEF16 /* Main.storyboard in Resources */,
			);
			runOnlyForDeploymentPostprocessing = 0;
		};
/* End PBXResourcesBuildPhase section */

/* Begin PBXSourcesBuildPhase section */
		9F22825E1DAE7122009CEF16 /* Sources */ = {
			isa = PBXSourcesBuildPhase;
			buildActionMask = 2147483647;
			files = (
				9F2282681DAE7122009CEF16 /* ViewController.swift in Sources */,
				9F2282661DAE7122009CEF16 /* AppDelegate.swift in Sources */,
			);
			runOnlyForDeploymentPostprocessing = 0;
		};
/* End PBXSourcesBuildPhase section */

/* Begin PBXVariantGroup section */
		9F2282691DAE7122009CEF16 /* Main.storyboard */ = {
			isa = PBXVariantGroup;
			children = (
				9F22826A1DAE7122009CEF16 /* Base */,
			);
			name = Main.storyboard;
			sourceTree = "<group>";
		};
		9F22826E1DAE7122009CEF16 /* LaunchScreen.storyboard */ = {
			isa = PBXVariantGroup;
			children = (
				9F22826F1DAE7122009CEF16 /* Base */,
			);
			name = LaunchScreen.storyboard;
			sourceTree = "<group>";
		};
/* End PBXVariantGroup section */

/* Begin XCBuildConfiguration section */
		9F2282721DAE7123009CEF16 /* Debug */ = {
			isa = XCBuildConfiguration;
			buildSettings = {
				ALWAYS_SEARCH_USER_PATHS = NO;
				CLANG_ANALYZER_NONNULL = YES;
				CLANG_CXX_LANGUAGE_STANDARD = "gnu++0x";
				CLANG_CXX_LIBRARY = "libc++";
				CLANG_ENABLE_MODULES = YES;
				CLANG_ENABLE_OBJC_ARC = YES;
				CLANG_WARN_BOOL_CONVERSION = YES;
				CLANG_WARN_CONSTANT_CONVERSION = YES;
				CLANG_WARN_DIRECT_OBJC_ISA_USAGE = YES_ERROR;
				CLANG_WARN_DOCUMENTATION_COMMENTS = YES;
				CLANG_WARN_EMPTY_BODY = YES;
				CLANG_WARN_ENUM_CONVERSION = YES;
				CLANG_WARN_INFINITE_RECURSION = YES;
				CLANG_WARN_INT_CONVERSION = YES;
				CLANG_WARN_OBJC_ROOT_CLASS = YES_ERROR;
				CLANG_WARN_SUSPICIOUS_MOVES = YES;
				CLANG_WARN_UNREACHABLE_CODE = YES;
				CLANG_WARN__DUPLICATE_METHOD_MATCH = YES;
				"CODE_SIGN_IDENTITY[sdk=iphoneos*]" = "iPhone Developer";
				COPY_PHASE_STRIP = NO;
				DEBUG_INFORMATION_FORMAT = dwarf;
				ENABLE_STRICT_OBJC_MSGSEND = YES;
				ENABLE_TESTABILITY = YES;
				GCC_C_LANGUAGE_STANDARD = gnu99;
				GCC_DYNAMIC_NO_PIC = NO;
				GCC_NO_COMMON_BLOCKS = YES;
				GCC_OPTIMIZATION_LEVEL = 0;
				GCC_PREPROCESSOR_DEFINITIONS = (
					"DEBUG=1",
					"$(inherited)",
				);
				GCC_WARN_64_TO_32_BIT_CONVERSION = YES;
				GCC_WARN_ABOUT_RETURN_TYPE = YES_ERROR;
				GCC_WARN_UNDECLARED_SELECTOR = YES;
				GCC_WARN_UNINITIALIZED_AUTOS = YES_AGGRESSIVE;
				GCC_WARN_UNUSED_FUNCTION = YES;
				GCC_WARN_UNUSED_VARIABLE = YES;
				IPHONEOS_DEPLOYMENT_TARGET = 10.0;
				MTL_ENABLE_DEBUG_INFO = YES;
				ONLY_ACTIVE_ARCH = YES;
				SDKROOT = iphoneos;
				SWIFT_ACTIVE_COMPILATION_CONDITIONS = DEBUG;
				SWIFT_OPTIMIZATION_LEVEL = "-Onone";
				TARGETED_DEVICE_FAMILY = "1,2";
			};
			name = Debug;
		};
		9F2282731DAE7123009CEF16 /* Release */ = {
			isa = XCBuildConfiguration;
			buildSettings = {
				ALWAYS_SEARCH_USER_PATHS = NO;
				CLANG_ANALYZER_NONNULL = YES;
				CLANG_CXX_LANGUAGE_STANDARD = "gnu++0x";
				CLANG_CXX_LIBRARY = "libc++";
				CLANG_ENABLE_MODULES = YES;
				CLANG_ENABLE_OBJC_ARC = YES;
				CLANG_WARN_BOOL_CONVERSION = YES;
				CLANG_WARN_CONSTANT_CONVERSION = YES;
				CLANG_WARN_DIRECT_OBJC_ISA_USAGE = YES_ERROR;
				CLANG_WARN_DOCUMENTATION_COMMENTS = YES;
				CLANG_WARN_EMPTY_BODY = YES;
				CLANG_WARN_ENUM_CONVERSION = YES;
				CLANG_WARN_INFINITE_RECURSION = YES;
				CLANG_WARN_INT_CONVERSION = YES;
				CLANG_WARN_OBJC_ROOT_CLASS = YES_ERROR;
				CLANG_WARN_SUSPICIOUS_MOVES = YES;
				CLANG_WARN_UNREACHABLE_CODE = YES;
				CLANG_WARN__DUPLICATE_METHOD_MATCH = YES;
				"CODE_SIGN_IDENTITY[sdk=iphoneos*]" = "iPhone Developer";
				COPY_PHASE_STRIP = NO;
				DEBUG_INFORMATION_FORMAT = "dwarf-with-dsym";
				ENABLE_NS_ASSERTIONS = NO;
				ENABLE_STRICT_OBJC_MSGSEND = YES;
				GCC_C_LANGUAGE_STANDARD = gnu99;
				GCC_NO_COMMON_BLOCKS = YES;
				GCC_WARN_64_TO_32_BIT_CONVERSION = YES;
				GCC_WARN_ABOUT_RETURN_TYPE = YES_ERROR;
				GCC_WARN_UNDECLARED_SELECTOR = YES;
				GCC_WARN_UNINITIALIZED_AUTOS = YES_AGGRESSIVE;
				GCC_WARN_UNUSED_FUNCTION = YES;
				GCC_WARN_UNUSED_VARIABLE = YES;
				IPHONEOS_DEPLOYMENT_TARGET = 10.0;
				MTL_ENABLE_DEBUG_INFO = NO;
				SDKROOT = iphoneos;
				SWIFT_OPTIMIZATION_LEVEL = "-Owholemodule";
				TARGETED_DEVICE_FAMILY = "1,2";
				VALIDATE_PRODUCT = YES;
			};
			name = Release;
		};
		9F2282751DAE7123009CEF16 /* Debug */ = {
			isa = XCBuildConfiguration;
			buildSettings = {
				ASSETCATALOG_COMPILER_APPICON_NAME = AppIcon;
				DEVELOPMENT_TEAM = SQ372R9AF7;
				INFOPLIST_FILE = Queue/Info.plist;
				LD_RUNPATH_SEARCH_PATHS = "$(inherited) @executable_path/Frameworks";
				PRODUCT_BUNDLE_IDENTIFIER = com.pwc.REX.Queue;
				PRODUCT_NAME = "$(TARGET_NAME)";
				SWIFT_VERSION = 3.0;
			};
			name = Debug;
		};
		9F2282761DAE7123009CEF16 /* Release */ = {
			isa = XCBuildConfiguration;
			buildSettings = {
				ASSETCATALOG_COMPILER_APPICON_NAME = AppIcon;
				DEVELOPMENT_TEAM = SQ372R9AF7;
				INFOPLIST_FILE = Queue/Info.plist;
				LD_RUNPATH_SEARCH_PATHS = "$(inherited) @executable_path/Frameworks";
				PRODUCT_BUNDLE_IDENTIFIER = com.pwc.REX.Queue;
				PRODUCT_NAME = "$(TARGET_NAME)";
				SWIFT_VERSION = 3.0;
			};
			name = Release;
		};
/* End XCBuildConfiguration section */

/* Begin XCConfigurationList section */
		9F22825D1DAE7122009CEF16 /* Build configuration list for PBXProject "Queue" */ = {
			isa = XCConfigurationList;
			buildConfigurations = (
				9F2282721DAE7123009CEF16 /* Debug */,
				9F2282731DAE7123009CEF16 /* Release */,
			);
			defaultConfigurationIsVisible = 0;
			defaultConfigurationName = Release;
		};
		9F2282741DAE7123009CEF16 /* Build configuration list for PBXNativeTarget "Queue" */ = {
			isa = XCConfigurationList;
			buildConfigurations = (
				9F2282751DAE7123009CEF16 /* Debug */,
				9F2282761DAE7123009CEF16 /* Release */,
			);
			defaultConfigurationIsVisible = 0;
		};
/* End XCConfigurationList section */
	};
	rootObject = 9F22825A1DAE7122009CEF16 /* Project object */;
}
