// !$*UTF8*$!
{
	archiveVersion = 1;
	classes = {
	};
	objectVersion = 46;
	objects = {

/* Begin PBXBuildFile section */
		D949DCCC1EA0BD02003E9E11 /* AppDelegate.swift in Sources */ = {isa = PBXBuildFile; fileRef = D949DCCB1EA0BD02003E9E11 /* AppDelegate.swift */; };
		D949DCCE1EA0BD02003E9E11 /* ViewController.swift in Sources */ = {isa = PBXBuildFile; fileRef = D949DCCD1EA0BD02003E9E11 /* ViewController.swift */; };
		D949DCD11EA0BD02003E9E11 /* Main.storyboard in Resources */ = {isa = PBXBuildFile; fileRef = D949DCCF1EA0BD02003E9E11 /* Main.storyboard */; };
		D949DCD31EA0BD02003E9E11 /* Assets.xcassets in Resources */ = {isa = PBXBuildFile; fileRef = D949DCD21EA0BD02003E9E11 /* Assets.xcassets */; };
		D949DCD61EA0BD02003E9E11 /* LaunchScreen.storyboard in Resources */ = {isa = PBXBuildFile; fileRef = D949DCD41EA0BD02003E9E11 /* LaunchScreen.storyboard */; };
		D949DCDE1EA0BE55003E9E11 /* ToolClass.swift in Sources */ = {isa = PBXBuildFile; fileRef = D949DCDD1EA0BE55003E9E11 /* ToolClass.swift */; };
/* End PBXBuildFile section */

/* Begin PBXFileReference section */
		D949DCC81EA0BD02003E9E11 /* iOS加解密.app */ = {isa = PBXFileReference; explicitFileType = wrapper.application; includeInIndex = 0; path = "iOS加解密.app"; sourceTree = BUILT_PRODUCTS_DIR; };
		D949DCCB1EA0BD02003E9E11 /* AppDelegate.swift */ = {isa = PBXFileReference; lastKnownFileType = sourcecode.swift; path = AppDelegate.swift; sourceTree = "<group>"; };
		D949DCCD1EA0BD02003E9E11 /* ViewController.swift */ = {isa = PBXFileReference; lastKnownFileType = sourcecode.swift; path = ViewController.swift; sourceTree = "<group>"; };
		D949DCD01EA0BD02003E9E11 /* Base */ = {isa = PBXFileReference; lastKnownFileType = file.storyboard; name = Base; path = Base.lproj/Main.storyboard; sourceTree = "<group>"; };
		D949DCD21EA0BD02003E9E11 /* Assets.xcassets */ = {isa = PBXFileReference; lastKnownFileType = folder.assetcatalog; path = Assets.xcassets; sourceTree = "<group>"; };
		D949DCD51EA0BD02003E9E11 /* Base */ = {isa = PBXFileReference; lastKnownFileType = file.storyboard; name = Base; path = Base.lproj/LaunchScreen.storyboard; sourceTree = "<group>"; };
		D949DCD71EA0BD02003E9E11 /* Info.plist */ = {isa = PBXFileReference; lastKnownFileType = text.plist.xml; path = Info.plist; sourceTree = "<group>"; };
		D949DCDD1EA0BE55003E9E11 /* ToolClass.swift */ = {isa = PBXFileReference; fileEncoding = 4; lastKnownFileType = sourcecode.swift; path = ToolClass.swift; sourceTree = "<group>"; };
/* End PBXFileReference section */

/* Begin PBXFrameworksBuildPhase section */
		D949DCC51EA0BD02003E9E11 /* Frameworks */ = {
			isa = PBXFrameworksBuildPhase;
			buildActionMask = 2147483647;
			files = (
			);
			runOnlyForDeploymentPostprocessing = 0;
		};
/* End PBXFrameworksBuildPhase section */

/* Begin PBXGroup section */
		D949DCBF1EA0BD02003E9E11 = {
			isa = PBXGroup;
			children = (
				D949DCCA1EA0BD02003E9E11 /* iOS加解密 */,
				D949DCC91EA0BD02003E9E11 /* Products */,
			);
			sourceTree = "<group>";
		};
		D949DCC91EA0BD02003E9E11 /* Products */ = {
			isa = PBXGroup;
			children = (
				D949DCC81EA0BD02003E9E11 /* iOS加解密.app */,
			);
			name = Products;
			sourceTree = "<group>";
		};
		D949DCCA1EA0BD02003E9E11 /* iOS加解密 */ = {
			isa = PBXGroup;
			children = (
				D949DCCB1EA0BD02003E9E11 /* AppDelegate.swift */,
				D949DCCD1EA0BD02003E9E11 /* ViewController.swift */,
				D949DCDD1EA0BE55003E9E11 /* ToolClass.swift */,
				D949DCCF1EA0BD02003E9E11 /* Main.storyboard */,
				D949DCD21EA0BD02003E9E11 /* Assets.xcassets */,
				D949DCD41EA0BD02003E9E11 /* LaunchScreen.storyboard */,
				D949DCD71EA0BD02003E9E11 /* Info.plist */,
			);
			path = "iOS加解密";
			sourceTree = "<group>";
		};
/* End PBXGroup section */

/* Begin PBXNativeTarget section */
		D949DCC71EA0BD02003E9E11 /* iOS加解密 */ = {
			isa = PBXNativeTarget;
			buildConfigurationList = D949DCDA1EA0BD02003E9E11 /* Build configuration list for PBXNativeTarget "iOS加解密" */;
			buildPhases = (
				D949DCC41EA0BD02003E9E11 /* Sources */,
				D949DCC51EA0BD02003E9E11 /* Frameworks */,
				D949DCC61EA0BD02003E9E11 /* Resources */,
			);
			buildRules = (
			);
			dependencies = (
			);
			name = "iOS加解密";
			productName = "iOS加解密";
			productReference = D949DCC81EA0BD02003E9E11 /* iOS加解密.app */;
			productType = "com.apple.product-type.application";
		};
/* End PBXNativeTarget section */

/* Begin PBXProject section */
		D949DCC01EA0BD02003E9E11 /* Project object */ = {
			isa = PBXProject;
			attributes = {
				LastSwiftUpdateCheck = 0830;
				LastUpgradeCheck = 0830;
				ORGANIZATIONNAME = mfang032;
				TargetAttributes = {
					D949DCC71EA0BD02003E9E11 = {
						CreatedOnToolsVersion = 8.3;
						DevelopmentTeam = SQ372R9AF7;
						ProvisioningStyle = Automatic;
					};
				};
			};
			buildConfigurationList = D949DCC31EA0BD02003E9E11 /* Build configuration list for PBXProject "iOS加解密" */;
			compatibilityVersion = "Xcode 3.2";
			developmentRegion = English;
			hasScannedForEncodings = 0;
			knownRegions = (
				en,
				Base,
			);
			mainGroup = D949DCBF1EA0BD02003E9E11;
			productRefGroup = D949DCC91EA0BD02003E9E11 /* Products */;
			projectDirPath = "";
			projectRoot = "";
			targets = (
				D949DCC71EA0BD02003E9E11 /* iOS加解密 */,
			);
		};
/* End PBXProject section */

/* Begin PBXResourcesBuildPhase section */
		D949DCC61EA0BD02003E9E11 /* Resources */ = {
			isa = PBXResourcesBuildPhase;
			buildActionMask = 2147483647;
			files = (
				D949DCD61EA0BD02003E9E11 /* LaunchScreen.storyboard in Resources */,
				D949DCD31EA0BD02003E9E11 /* Assets.xcassets in Resources */,
				D949DCD11EA0BD02003E9E11 /* Main.storyboard in Resources */,
			);
			runOnlyForDeploymentPostprocessing = 0;
		};
/* End PBXResourcesBuildPhase section */

/* Begin PBXSourcesBuildPhase section */
		D949DCC41EA0BD02003E9E11 /* Sources */ = {
			isa = PBXSourcesBuildPhase;
			buildActionMask = 2147483647;
			files = (
				D949DCDE1EA0BE55003E9E11 /* ToolClass.swift in Sources */,
				D949DCCE1EA0BD02003E9E11 /* ViewController.swift in Sources */,
				D949DCCC1EA0BD02003E9E11 /* AppDelegate.swift in Sources */,
			);
			runOnlyForDeploymentPostprocessing = 0;
		};
/* End PBXSourcesBuildPhase section */

/* Begin PBXVariantGroup section */
		D949DCCF1EA0BD02003E9E11 /* Main.storyboard */ = {
			isa = PBXVariantGroup;
			children = (
				D949DCD01EA0BD02003E9E11 /* Base */,
			);
			name = Main.storyboard;
			sourceTree = "<group>";
		};
		D949DCD41EA0BD02003E9E11 /* LaunchScreen.storyboard */ = {
			isa = PBXVariantGroup;
			children = (
				D949DCD51EA0BD02003E9E11 /* Base */,
			);
			name = LaunchScreen.storyboard;
			sourceTree = "<group>";
		};
/* End PBXVariantGroup section */

/* Begin XCBuildConfiguration section */
		D949DCD81EA0BD02003E9E11 /* Debug */ = {
			isa = XCBuildConfiguration;
			buildSettings = {
				ALWAYS_SEARCH_USER_PATHS = NO;
				CLANG_ANALYZER_NONNULL = YES;
				CLANG_ANALYZER_NUMBER_OBJECT_CONVERSION = YES_AGGRESSIVE;
				CLANG_CXX_LANGUAGE_STANDARD = "gnu++0x";
				CLANG_CXX_LIBRARY = "libc++";
				CLANG_ENABLE_MODULES = YES;
				CLANG_ENABLE_OBJC_ARC = YES;
				CLANG_WARN_BOOL_CONVERSION = YES;
				CLANG_WARN_CONSTANT_CONVERSION = YES;
				CLANG_WARN_DIRECT_OBJC_ISA_USAGE = YES_ERROR;
				CLANG_WARN_DOCUMENTATION_COMMENTS = YES;
				CLANG_WARN_EMPTY_BODY = YES;
				CLANG_WARN_ENUM_CONVERSION = YES;
				CLANG_WARN_INFINITE_RECURSION = YES;
				CLANG_WARN_INT_CONVERSION = YES;
				CLANG_WARN_OBJC_ROOT_CLASS = YES_ERROR;
				CLANG_WARN_SUSPICIOUS_MOVE = YES;
				CLANG_WARN_UNREACHABLE_CODE = YES;
				CLANG_WARN__DUPLICATE_METHOD_MATCH = YES;
				"CODE_SIGN_IDENTITY[sdk=iphoneos*]" = "iPhone Developer";
				COPY_PHASE_STRIP = NO;
				DEBUG_INFORMATION_FORMAT = dwarf;
				ENABLE_STRICT_OBJC_MSGSEND = YES;
				ENABLE_TESTABILITY = YES;
				GCC_C_LANGUAGE_STANDARD = gnu99;
				GCC_DYNAMIC_NO_PIC = NO;
				GCC_NO_COMMON_BLOCKS = YES;
				GCC_OPTIMIZATION_LEVEL = 0;
				GCC_PREPROCESSOR_DEFINITIONS = (
					"DEBUG=1",
					"$(inherited)",
				);
				GCC_WARN_64_TO_32_BIT_CONVERSION = YES;
				GCC_WARN_ABOUT_RETURN_TYPE = YES_ERROR;
				GCC_WARN_UNDECLARED_SELECTOR = YES;
				GCC_WARN_UNINITIALIZED_AUTOS = YES_AGGRESSIVE;
				GCC_WARN_UNUSED_FUNCTION = YES;
				GCC_WARN_UNUSED_VARIABLE = YES;
				IPHONEOS_DEPLOYMENT_TARGET = 10.3;
				MTL_ENABLE_DEBUG_INFO = YES;
				ONLY_ACTIVE_ARCH = YES;
				SDKROOT = iphoneos;
				SWIFT_ACTIVE_COMPILATION_CONDITIONS = DEBUG;
				SWIFT_OPTIMIZATION_LEVEL = "-Onone";
				TARGETED_DEVICE_FAMILY = "1,2";
			};
			name = Debug;
		};
		D949DCD91EA0BD02003E9E11 /* Release */ = {
			isa = XCBuildConfiguration;
			buildSettings = {
				ALWAYS_SEARCH_USER_PATHS = NO;
				CLANG_ANALYZER_NONNULL = YES;
				CLANG_ANALYZER_NUMBER_OBJECT_CONVERSION = YES_AGGRESSIVE;
				CLANG_CXX_LANGUAGE_STANDARD = "gnu++0x";
				CLANG_CXX_LIBRARY = "libc++";
				CLANG_ENABLE_MODULES = YES;
				CLANG_ENABLE_OBJC_ARC = YES;
				CLANG_WARN_BOOL_CONVERSION = YES;
				CLANG_WARN_CONSTANT_CONVERSION = YES;
				CLANG_WARN_DIRECT_OBJC_ISA_USAGE = YES_ERROR;
				CLANG_WARN_DOCUMENTATION_COMMENTS = YES;
				CLANG_WARN_EMPTY_BODY = YES;
				CLANG_WARN_ENUM_CONVERSION = YES;
				CLANG_WARN_INFINITE_RECURSION = YES;
				CLANG_WARN_INT_CONVERSION = YES;
				CLANG_WARN_OBJC_ROOT_CLASS = YES_ERROR;
				CLANG_WARN_SUSPICIOUS_MOVE = YES;
				CLANG_WARN_UNREACHABLE_CODE = YES;
				CLANG_WARN__DUPLICATE_METHOD_MATCH = YES;
				"CODE_SIGN_IDENTITY[sdk=iphoneos*]" = "iPhone Developer";
				COPY_PHASE_STRIP = NO;
				DEBUG_INFORMATION_FORMAT = "dwarf-with-dsym";
				ENABLE_NS_ASSERTIONS = NO;
				ENABLE_STRICT_OBJC_MSGSEND = YES;
				GCC_C_LANGUAGE_STANDARD = gnu99;
				GCC_NO_COMMON_BLOCKS = YES;
				GCC_WARN_64_TO_32_BIT_CONVERSION = YES;
				GCC_WARN_ABOUT_RETURN_TYPE = YES_ERROR;
				GCC_WARN_UNDECLARED_SELECTOR = YES;
				GCC_WARN_UNINITIALIZED_AUTOS = YES_AGGRESSIVE;
				GCC_WARN_UNUSED_FUNCTION = YES;
				GCC_WARN_UNUSED_VARIABLE = YES;
				IPHONEOS_DEPLOYMENT_TARGET = 10.3;
				MTL_ENABLE_DEBUG_INFO = NO;
				SDKROOT = iphoneos;
				SWIFT_OPTIMIZATION_LEVEL = "-Owholemodule";
				TARGETED_DEVICE_FAMILY = "1,2";
				VALIDATE_PRODUCT = YES;
			};
			name = Release;
		};
		D949DCDB1EA0BD02003E9E11 /* Debug */ = {
			isa = XCBuildConfiguration;
			buildSettings = {
				ASSETCATALOG_COMPILER_APPICON_NAME = AppIcon;
				DEVELOPMENT_TEAM = SQ372R9AF7;
				INFOPLIST_FILE = "iOS加解密/Info.plist";
				LD_RUNPATH_SEARCH_PATHS = "$(inherited) @executable_path/Frameworks";
				PRODUCT_BUNDLE_IDENTIFIER = "com.pwc.Rex.iOS---";
				PRODUCT_NAME = "$(TARGET_NAME)";
				SWIFT_VERSION = 3.0;
			};
			name = Debug;
		};
		D949DCDC1EA0BD02003E9E11 /* Release */ = {
			isa = XCBuildConfiguration;
			buildSettings = {
				ASSETCATALOG_COMPILER_APPICON_NAME = AppIcon;
				DEVELOPMENT_TEAM = SQ372R9AF7;
				INFOPLIST_FILE = "iOS加解密/Info.plist";
				LD_RUNPATH_SEARCH_PATHS = "$(inherited) @executable_path/Frameworks";
				PRODUCT_BUNDLE_IDENTIFIER = "com.pwc.Rex.iOS---";
				PRODUCT_NAME = "$(TARGET_NAME)";
				SWIFT_VERSION = 3.0;
			};
			name = Release;
		};
/* End XCBuildConfiguration section */

/* Begin XCConfigurationList section */
		D949DCC31EA0BD02003E9E11 /* Build configuration list for PBXProject "iOS加解密" */ = {
			isa = XCConfigurationList;
			buildConfigurations = (
				D949DCD81EA0BD02003E9E11 /* Debug */,
				D949DCD91EA0BD02003E9E11 /* Release */,
			);
			defaultConfigurationIsVisible = 0;
			defaultConfigurationName = Release;
		};
		D949DCDA1EA0BD02003E9E11 /* Build configuration list for PBXNativeTarget "iOS加解密" */ = {
			isa = XCConfigurationList;
			buildConfigurations = (
				D949DCDB1EA0BD02003E9E11 /* Debug */,
				D949DCDC1EA0BD02003E9E11 /* Release */,
			);
			defaultConfigurationIsVisible = 0;
		};
/* End XCConfigurationList section */
	};
	rootObject = D949DCC01EA0BD02003E9E11 /* Project object */;
}
