// !$*UTF8*$!
{
	archiveVersion = 1;
	classes = {
	};
	objectVersion = 46;
	objects = {

/* Begin PBXBuildFile section */
		D968179D1C85D82800D80894 /* AppDelegate.swift in Sources */ = {isa = PBXBuildFile; fileRef = D968179C1C85D82800D80894 /* AppDelegate.swift */; };
		D968179F1C85D82800D80894 /* ViewController.swift in Sources */ = {isa = PBXBuildFile; fileRef = D968179E1C85D82800D80894 /* ViewController.swift */; };
		D96817A21C85D82800D80894 /* Main.storyboard in Resources */ = {isa = PBXBuildFile; fileRef = D96817A01C85D82800D80894 /* Main.storyboard */; };
		D96817A41C85D82900D80894 /* Assets.xcassets in Resources */ = {isa = PBXBuildFile; fileRef = D96817A31C85D82900D80894 /* Assets.xcassets */; };
		D96817A71C85D82900D80894 /* LaunchScreen.storyboard in Resources */ = {isa = PBXBuildFile; fileRef = D96817A51C85D82900D80894 /* LaunchScreen.storyboard */; };
/* End PBXBuildFile section */

/* Begin PBXFileReference section */
		D96817991C85D82800D80894 /* 指纹识别.app */ = {isa = PBXFileReference; explicitFileType = wrapper.application; includeInIndex = 0; path = "指纹识别.app"; sourceTree = BUILT_PRODUCTS_DIR; };
		D968179C1C85D82800D80894 /* AppDelegate.swift */ = {isa = PBXFileReference; lastKnownFileType = sourcecode.swift; path = AppDelegate.swift; sourceTree = "<group>"; };
		D968179E1C85D82800D80894 /* ViewController.swift */ = {isa = PBXFileReference; lastKnownFileType = sourcecode.swift; path = ViewController.swift; sourceTree = "<group>"; };
		D96817A11C85D82800D80894 /* Base */ = {isa = PBXFileReference; lastKnownFileType = file.storyboard; name = Base; path = Base.lproj/Main.storyboard; sourceTree = "<group>"; };
		D96817A31C85D82900D80894 /* Assets.xcassets */ = {isa = PBXFileReference; lastKnownFileType = folder.assetcatalog; path = Assets.xcassets; sourceTree = "<group>"; };
		D96817A61C85D82900D80894 /* Base */ = {isa = PBXFileReference; lastKnownFileType = file.storyboard; name = Base; path = Base.lproj/LaunchScreen.storyboard; sourceTree = "<group>"; };
		D96817A81C85D82900D80894 /* Info.plist */ = {isa = PBXFileReference; lastKnownFileType = text.plist.xml; path = Info.plist; sourceTree = "<group>"; };
/* End PBXFileReference section */

/* Begin PBXFrameworksBuildPhase section */
		D96817961C85D82800D80894 /* Frameworks */ = {
			isa = PBXFrameworksBuildPhase;
			buildActionMask = 2147483647;
			files = (
			);
			runOnlyForDeploymentPostprocessing = 0;
		};
/* End PBXFrameworksBuildPhase section */

/* Begin PBXGroup section */
		D96817901C85D82800D80894 = {
			isa = PBXGroup;
			children = (
				D968179B1C85D82800D80894 /* 指纹识别 */,
				D968179A1C85D82800D80894 /* Products */,
			);
			sourceTree = "<group>";
		};
		D968179A1C85D82800D80894 /* Products */ = {
			isa = PBXGroup;
			children = (
				D96817991C85D82800D80894 /* 指纹识别.app */,
			);
			name = Products;
			sourceTree = "<group>";
		};
		D968179B1C85D82800D80894 /* 指纹识别 */ = {
			isa = PBXGroup;
			children = (
				D968179C1C85D82800D80894 /* AppDelegate.swift */,
				D968179E1C85D82800D80894 /* ViewController.swift */,
				D96817A01C85D82800D80894 /* Main.storyboard */,
				D96817A31C85D82900D80894 /* Assets.xcassets */,
				D96817A51C85D82900D80894 /* LaunchScreen.storyboard */,
				D96817A81C85D82900D80894 /* Info.plist */,
			);
			path = "指纹识别";
			sourceTree = "<group>";
		};
/* End PBXGroup section */

/* Begin PBXNativeTarget section */
		D96817981C85D82800D80894 /* 指纹识别 */ = {
			isa = PBXNativeTarget;
			buildConfigurationList = D96817AB1C85D82900D80894 /* Build configuration list for PBXNativeTarget "指纹识别" */;
			buildPhases = (
				D96817951C85D82800D80894 /* Sources */,
				D96817961C85D82800D80894 /* Frameworks */,
				D96817971C85D82800D80894 /* Resources */,
			);
			buildRules = (
			);
			dependencies = (
			);
			name = "指纹识别";
			productName = "指纹识别";
			productReference = D96817991C85D82800D80894 /* 指纹识别.app */;
			productType = "com.apple.product-type.application";
		};
/* End PBXNativeTarget section */

/* Begin PBXProject section */
		D96817911C85D82800D80894 /* Project object */ = {
			isa = PBXProject;
			attributes = {
				LastSwiftUpdateCheck = 0720;
				LastUpgradeCheck = 0720;
				ORGANIZATIONNAME = mfang032;
				TargetAttributes = {
					D96817981C85D82800D80894 = {
						CreatedOnToolsVersion = 7.2.1;
						DevelopmentTeam = 7EESHMQVLF;
					};
				};
			};
			buildConfigurationList = D96817941C85D82800D80894 /* Build configuration list for PBXProject "指纹识别" */;
			compatibilityVersion = "Xcode 3.2";
			developmentRegion = English;
			hasScannedForEncodings = 0;
			knownRegions = (
				en,
				Base,
			);
			mainGroup = D96817901C85D82800D80894;
			productRefGroup = D968179A1C85D82800D80894 /* Products */;
			projectDirPath = "";
			projectRoot = "";
			targets = (
				D96817981C85D82800D80894 /* 指纹识别 */,
			);
		};
/* End PBXProject section */

/* Begin PBXResourcesBuildPhase section */
		D96817971C85D82800D80894 /* Resources */ = {
			isa = PBXResourcesBuildPhase;
			buildActionMask = 2147483647;
			files = (
				D96817A71C85D82900D80894 /* LaunchScreen.storyboard in Resources */,
				D96817A41C85D82900D80894 /* Assets.xcassets in Resources */,
				D96817A21C85D82800D80894 /* Main.storyboard in Resources */,
			);
			runOnlyForDeploymentPostprocessing = 0;
		};
/* End PBXResourcesBuildPhase section */

/* Begin PBXSourcesBuildPhase section */
		D96817951C85D82800D80894 /* Sources */ = {
			isa = PBXSourcesBuildPhase;
			buildActionMask = 2147483647;
			files = (
				D968179F1C85D82800D80894 /* ViewController.swift in Sources */,
				D968179D1C85D82800D80894 /* AppDelegate.swift in Sources */,
			);
			runOnlyForDeploymentPostprocessing = 0;
		};
/* End PBXSourcesBuildPhase section */

/* Begin PBXVariantGroup section */
		D96817A01C85D82800D80894 /* Main.storyboard */ = {
			isa = PBXVariantGroup;
			children = (
				D96817A11C85D82800D80894 /* Base */,
			);
			name = Main.storyboard;
			sourceTree = "<group>";
		};
		D96817A51C85D82900D80894 /* LaunchScreen.storyboard */ = {
			isa = PBXVariantGroup;
			children = (
				D96817A61C85D82900D80894 /* Base */,
			);
			name = LaunchScreen.storyboard;
			sourceTree = "<group>";
		};
/* End PBXVariantGroup section */

/* Begin XCBuildConfiguration section */
		D96817A91C85D82900D80894 /* Debug */ = {
			isa = XCBuildConfiguration;
			buildSettings = {
				ALWAYS_SEARCH_USER_PATHS = NO;
				CLANG_CXX_LANGUAGE_STANDARD = "gnu++0x";
				CLANG_CXX_LIBRARY = "libc++";
				CLANG_ENABLE_MODULES = YES;
				CLANG_ENABLE_OBJC_ARC = YES;
				CLANG_WARN_BOOL_CONVERSION = YES;
				CLANG_WARN_CONSTANT_CONVERSION = YES;
				CLANG_WARN_DIRECT_OBJC_ISA_USAGE = YES_ERROR;
				CLANG_WARN_EMPTY_BODY = YES;
				CLANG_WARN_ENUM_CONVERSION = YES;
				CLANG_WARN_INT_CONVERSION = YES;
				CLANG_WARN_OBJC_ROOT_CLASS = YES_ERROR;
				CLANG_WARN_UNREACHABLE_CODE = YES;
				CLANG_WARN__DUPLICATE_METHOD_MATCH = YES;
				"CODE_SIGN_IDENTITY[sdk=iphoneos*]" = "iPhone Developer";
				COPY_PHASE_STRIP = NO;
				DEBUG_INFORMATION_FORMAT = dwarf;
				ENABLE_STRICT_OBJC_MSGSEND = YES;
				ENABLE_TESTABILITY = YES;
				GCC_C_LANGUAGE_STANDARD = gnu99;
				GCC_DYNAMIC_NO_PIC = NO;
				GCC_NO_COMMON_BLOCKS = YES;
				GCC_OPTIMIZATION_LEVEL = 0;
				GCC_PREPROCESSOR_DEFINITIONS = (
					"DEBUG=1",
					"$(inherited)",
				);
				GCC_WARN_64_TO_32_BIT_CONVERSION = YES;
				GCC_WARN_ABOUT_RETURN_TYPE = YES_ERROR;
				GCC_WARN_UNDECLARED_SELECTOR = YES;
				GCC_WARN_UNINITIALIZED_AUTOS = YES_AGGRESSIVE;
				GCC_WARN_UNUSED_FUNCTION = YES;
				GCC_WARN_UNUSED_VARIABLE = YES;
				IPHONEOS_DEPLOYMENT_TARGET = 9.2;
				MTL_ENABLE_DEBUG_INFO = YES;
				ONLY_ACTIVE_ARCH = YES;
				SDKROOT = iphoneos;
				SWIFT_OPTIMIZATION_LEVEL = "-Onone";
				TARGETED_DEVICE_FAMILY = "1,2";
			};
			name = Debug;
		};
		D96817AA1C85D82900D80894 /* Release */ = {
			isa = XCBuildConfiguration;
			buildSettings = {
				ALWAYS_SEARCH_USER_PATHS = NO;
				CLANG_CXX_LANGUAGE_STANDARD = "gnu++0x";
				CLANG_CXX_LIBRARY = "libc++";
				CLANG_ENABLE_MODULES = YES;
				CLANG_ENABLE_OBJC_ARC = YES;
				CLANG_WARN_BOOL_CONVERSION = YES;
				CLANG_WARN_CONSTANT_CONVERSION = YES;
				CLANG_WARN_DIRECT_OBJC_ISA_USAGE = YES_ERROR;
				CLANG_WARN_EMPTY_BODY = YES;
				CLANG_WARN_ENUM_CONVERSION = YES;
				CLANG_WARN_INT_CONVERSION = YES;
				CLANG_WARN_OBJC_ROOT_CLASS = YES_ERROR;
				CLANG_WARN_UNREACHABLE_CODE = YES;
				CLANG_WARN__DUPLICATE_METHOD_MATCH = YES;
				"CODE_SIGN_IDENTITY[sdk=iphoneos*]" = "iPhone Developer";
				COPY_PHASE_STRIP = NO;
				DEBUG_INFORMATION_FORMAT = "dwarf-with-dsym";
				ENABLE_NS_ASSERTIONS = NO;
				ENABLE_STRICT_OBJC_MSGSEND = YES;
				GCC_C_LANGUAGE_STANDARD = gnu99;
				GCC_NO_COMMON_BLOCKS = YES;
				GCC_WARN_64_TO_32_BIT_CONVERSION = YES;
				GCC_WARN_ABOUT_RETURN_TYPE = YES_ERROR;
				GCC_WARN_UNDECLARED_SELECTOR = YES;
				GCC_WARN_UNINITIALIZED_AUTOS = YES_AGGRESSIVE;
				GCC_WARN_UNUSED_FUNCTION = YES;
				GCC_WARN_UNUSED_VARIABLE = YES;
				IPHONEOS_DEPLOYMENT_TARGET = 9.2;
				MTL_ENABLE_DEBUG_INFO = NO;
				SDKROOT = iphoneos;
				TARGETED_DEVICE_FAMILY = "1,2";
				VALIDATE_PRODUCT = YES;
			};
			name = Release;
		};
		D96817AC1C85D82900D80894 /* Debug */ = {
			isa = XCBuildConfiguration;
			buildSettings = {
				ASSETCATALOG_COMPILER_APPICON_NAME = AppIcon;
				"CODE_SIGN_IDENTITY[sdk=iphoneos*]" = "iPhone Developer";
				INFOPLIST_FILE = "指纹识别/Info.plist";
				LD_RUNPATH_SEARCH_PATHS = "$(inherited) @executable_path/Frameworks";
				PRODUCT_BUNDLE_IDENTIFIER = com.pwc.REX;
				PRODUCT_NAME = "$(TARGET_NAME)";
				PROVISIONING_PROFILE = "569713fc-f0d6-4006-a312-48a7c54a1624";
			};
			name = Debug;
		};
		D96817AD1C85D82900D80894 /* Release */ = {
			isa = XCBuildConfiguration;
			buildSettings = {
				ASSETCATALOG_COMPILER_APPICON_NAME = AppIcon;
				INFOPLIST_FILE = "指纹识别/Info.plist";
				LD_RUNPATH_SEARCH_PATHS = "$(inherited) @executable_path/Frameworks";
				PRODUCT_BUNDLE_IDENTIFIER = com.pwc.REX;
				PRODUCT_NAME = "$(TARGET_NAME)";
				PROVISIONING_PROFILE = "569713fc-f0d6-4006-a312-48a7c54a1624";
			};
			name = Release;
		};
/* End XCBuildConfiguration section */

/* Begin XCConfigurationList section */
		D96817941C85D82800D80894 /* Build configuration list for PBXProject "指纹识别" */ = {
			isa = XCConfigurationList;
			buildConfigurations = (
				D96817A91C85D82900D80894 /* Debug */,
				D96817AA1C85D82900D80894 /* Release */,
			);
			defaultConfigurationIsVisible = 0;
			defaultConfigurationName = Release;
		};
		D96817AB1C85D82900D80894 /* Build configuration list for PBXNativeTarget "指纹识别" */ = {
			isa = XCConfigurationList;
			buildConfigurations = (
				D96817AC1C85D82900D80894 /* Debug */,
				D96817AD1C85D82900D80894 /* Release */,
			);
			defaultConfigurationIsVisible = 0;
		};
/* End XCConfigurationList section */
	};
	rootObject = D96817911C85D82800D80894 /* Project object */;
}
