// !$*UTF8*$!
{
	archiveVersion = 1;
	classes = {
	};
	objectVersion = 46;
	objects = {

/* Begin PBXBuildFile section */
		D92E9D5B1DBD9FCC009C0F70 /* AppDelegate.swift in Sources */ = {isa = PBXBuildFile; fileRef = D92E9D5A1DBD9FCC009C0F70 /* AppDelegate.swift */; };
		D92E9D5D1DBD9FCC009C0F70 /* ViewController.swift in Sources */ = {isa = PBXBuildFile; fileRef = D92E9D5C1DBD9FCC009C0F70 /* ViewController.swift */; };
		D92E9D601DBD9FCC009C0F70 /* Main.storyboard in Resources */ = {isa = PBXBuildFile; fileRef = D92E9D5E1DBD9FCC009C0F70 /* Main.storyboard */; };
		D92E9D621DBD9FCC009C0F70 /* Assets.xcassets in Resources */ = {isa = PBXBuildFile; fileRef = D92E9D611DBD9FCC009C0F70 /* Assets.xcassets */; };
		D92E9D651DBD9FCC009C0F70 /* LaunchScreen.storyboard in Resources */ = {isa = PBXBuildFile; fileRef = D92E9D631DBD9FCC009C0F70 /* LaunchScreen.storyboard */; };
		D92E9D6F1DBDA036009C0F70 /* Animal.swift in Sources */ = {isa = PBXBuildFile; fileRef = D92E9D6E1DBDA036009C0F70 /* Animal.swift */; };
		D92E9D711DBDA08F009C0F70 /* Man.swift in Sources */ = {isa = PBXBuildFile; fileRef = D92E9D701DBDA08F009C0F70 /* Man.swift */; };
		D92E9D791DBDA149009C0F70 /* AppDelegate.swift in Sources */ = {isa = PBXBuildFile; fileRef = D92E9D781DBDA149009C0F70 /* AppDelegate.swift */; };
		D92E9D7B1DBDA149009C0F70 /* ViewController.swift in Sources */ = {isa = PBXBuildFile; fileRef = D92E9D7A1DBDA149009C0F70 /* ViewController.swift */; };
		D92E9D7E1DBDA149009C0F70 /* Main.storyboard in Resources */ = {isa = PBXBuildFile; fileRef = D92E9D7C1DBDA149009C0F70 /* Main.storyboard */; };
		D92E9D801DBDA149009C0F70 /* Assets.xcassets in Resources */ = {isa = PBXBuildFile; fileRef = D92E9D7F1DBDA149009C0F70 /* Assets.xcassets */; };
		D92E9D831DBDA149009C0F70 /* LaunchScreen.storyboard in Resources */ = {isa = PBXBuildFile; fileRef = D92E9D811DBDA149009C0F70 /* LaunchScreen.storyboard */; };
		D92E9D891DBDA158009C0F70 /* Woman.swift in Sources */ = {isa = PBXBuildFile; fileRef = D92E9D881DBDA158009C0F70 /* Woman.swift */; };
/* End PBXBuildFile section */

/* Begin PBXFileReference section */
		D92E9D571DBD9FCC009C0F70 /* Swift3.0访问控制.app */ = {isa = PBXFileReference; explicitFileType = wrapper.application; includeInIndex = 0; path = "Swift3.0访问控制.app"; sourceTree = BUILT_PRODUCTS_DIR; };
		D92E9D5A1DBD9FCC009C0F70 /* AppDelegate.swift */ = {isa = PBXFileReference; lastKnownFileType = sourcecode.swift; path = AppDelegate.swift; sourceTree = "<group>"; };
		D92E9D5C1DBD9FCC009C0F70 /* ViewController.swift */ = {isa = PBXFileReference; lastKnownFileType = sourcecode.swift; path = ViewController.swift; sourceTree = "<group>"; };
		D92E9D5F1DBD9FCC009C0F70 /* Base */ = {isa = PBXFileReference; lastKnownFileType = file.storyboard; name = Base; path = Base.lproj/Main.storyboard; sourceTree = "<group>"; };
		D92E9D611DBD9FCC009C0F70 /* Assets.xcassets */ = {isa = PBXFileReference; lastKnownFileType = folder.assetcatalog; path = Assets.xcassets; sourceTree = "<group>"; };
		D92E9D641DBD9FCC009C0F70 /* Base */ = {isa = PBXFileReference; lastKnownFileType = file.storyboard; name = Base; path = Base.lproj/LaunchScreen.storyboard; sourceTree = "<group>"; };
		D92E9D661DBD9FCC009C0F70 /* Info.plist */ = {isa = PBXFileReference; lastKnownFileType = text.plist.xml; path = Info.plist; sourceTree = "<group>"; };
		D92E9D6E1DBDA036009C0F70 /* Animal.swift */ = {isa = PBXFileReference; fileEncoding = 4; lastKnownFileType = sourcecode.swift; name = Animal.swift; path = ../Animal.swift; sourceTree = "<group>"; };
		D92E9D701DBDA08F009C0F70 /* Man.swift */ = {isa = PBXFileReference; fileEncoding = 4; lastKnownFileType = sourcecode.swift; path = Man.swift; sourceTree = "<group>"; };
		D92E9D761DBDA149009C0F70 /* Access Control.app */ = {isa = PBXFileReference; explicitFileType = wrapper.application; includeInIndex = 0; path = "Access Control.app"; sourceTree = BUILT_PRODUCTS_DIR; };
		D92E9D781DBDA149009C0F70 /* AppDelegate.swift */ = {isa = PBXFileReference; lastKnownFileType = sourcecode.swift; path = AppDelegate.swift; sourceTree = "<group>"; };
		D92E9D7A1DBDA149009C0F70 /* ViewController.swift */ = {isa = PBXFileReference; lastKnownFileType = sourcecode.swift; path = ViewController.swift; sourceTree = "<group>"; };
		D92E9D7D1DBDA149009C0F70 /* Base */ = {isa = PBXFileReference; lastKnownFileType = file.storyboard; name = Base; path = Base.lproj/Main.storyboard; sourceTree = "<group>"; };
		D92E9D7F1DBDA149009C0F70 /* Assets.xcassets */ = {isa = PBXFileReference; lastKnownFileType = folder.assetcatalog; path = Assets.xcassets; sourceTree = "<group>"; };
		D92E9D821DBDA149009C0F70 /* Base */ = {isa = PBXFileReference; lastKnownFileType = file.storyboard; name = Base; path = Base.lproj/LaunchScreen.storyboard; sourceTree = "<group>"; };
		D92E9D841DBDA149009C0F70 /* Info.plist */ = {isa = PBXFileReference; lastKnownFileType = text.plist.xml; path = Info.plist; sourceTree = "<group>"; };
		D92E9D881DBDA158009C0F70 /* Woman.swift */ = {isa = PBXFileReference; fileEncoding = 4; lastKnownFileType = sourcecode.swift; path = Woman.swift; sourceTree = "<group>"; };
/* End PBXFileReference section */

/* Begin PBXFrameworksBuildPhase section */
		D92E9D541DBD9FCC009C0F70 /* Frameworks */ = {
			isa = PBXFrameworksBuildPhase;
			buildActionMask = 2147483647;
			files = (
			);
			runOnlyForDeploymentPostprocessing = 0;
		};
		D92E9D731DBDA149009C0F70 /* Frameworks */ = {
			isa = PBXFrameworksBuildPhase;
			buildActionMask = 2147483647;
			files = (
			);
			runOnlyForDeploymentPostprocessing = 0;
		};
/* End PBXFrameworksBuildPhase section */

/* Begin PBXGroup section */
		D92E9D4E1DBD9FCC009C0F70 = {
			isa = PBXGroup;
			children = (
				D92E9D591DBD9FCC009C0F70 /* Swift3.0访问控制 */,
				D92E9D771DBDA149009C0F70 /* Access Control */,
				D92E9D581DBD9FCC009C0F70 /* Products */,
			);
			sourceTree = "<group>";
		};
		D92E9D581DBD9FCC009C0F70 /* Products */ = {
			isa = PBXGroup;
			children = (
				D92E9D571DBD9FCC009C0F70 /* Swift3.0访问控制.app */,
				D92E9D761DBDA149009C0F70 /* Access Control.app */,
			);
			name = Products;
			sourceTree = "<group>";
		};
		D92E9D591DBD9FCC009C0F70 /* Swift3.0访问控制 */ = {
			isa = PBXGroup;
			children = (
				D92E9D5A1DBD9FCC009C0F70 /* AppDelegate.swift */,
				D92E9D6E1DBDA036009C0F70 /* Animal.swift */,
				D92E9D701DBDA08F009C0F70 /* Man.swift */,
				D92E9D5C1DBD9FCC009C0F70 /* ViewController.swift */,
				D92E9D5E1DBD9FCC009C0F70 /* Main.storyboard */,
				D92E9D611DBD9FCC009C0F70 /* Assets.xcassets */,
				D92E9D631DBD9FCC009C0F70 /* LaunchScreen.storyboard */,
				D92E9D661DBD9FCC009C0F70 /* Info.plist */,
			);
			path = "Swift3.0访问控制";
			sourceTree = "<group>";
		};
		D92E9D771DBDA149009C0F70 /* Access Control */ = {
			isa = PBXGroup;
			children = (
				D92E9D781DBDA149009C0F70 /* AppDelegate.swift */,
				D92E9D7A1DBDA149009C0F70 /* ViewController.swift */,
				D92E9D881DBDA158009C0F70 /* Woman.swift */,
				D92E9D7C1DBDA149009C0F70 /* Main.storyboard */,
				D92E9D7F1DBDA149009C0F70 /* Assets.xcassets */,
				D92E9D811DBDA149009C0F70 /* LaunchScreen.storyboard */,
				D92E9D841DBDA149009C0F70 /* Info.plist */,
			);
			path = "Access Control";
			sourceTree = "<group>";
		};
/* End PBXGroup section */

/* Begin PBXNativeTarget section */
		D92E9D561DBD9FCC009C0F70 /* Swift3.0访问控制 */ = {
			isa = PBXNativeTarget;
			buildConfigurationList = D92E9D691DBD9FCC009C0F70 /* Build configuration list for PBXNativeTarget "Swift3.0访问控制" */;
			buildPhases = (
				D92E9D531DBD9FCC009C0F70 /* Sources */,
				D92E9D541DBD9FCC009C0F70 /* Frameworks */,
				D92E9D551DBD9FCC009C0F70 /* Resources */,
			);
			buildRules = (
			);
			dependencies = (
			);
			name = "Swift3.0访问控制";
			productName = "Swift3.0访问控制";
			productReference = D92E9D571DBD9FCC009C0F70 /* Swift3.0访问控制.app */;
			productType = "com.apple.product-type.application";
		};
		D92E9D751DBDA149009C0F70 /* Access Control */ = {
			isa = PBXNativeTarget;
			buildConfigurationList = D92E9D851DBDA149009C0F70 /* Build configuration list for PBXNativeTarget "Access Control" */;
			buildPhases = (
				D92E9D721DBDA149009C0F70 /* Sources */,
				D92E9D731DBDA149009C0F70 /* Frameworks */,
				D92E9D741DBDA149009C0F70 /* Resources */,
			);
			buildRules = (
			);
			dependencies = (
			);
			name = "Access Control";
			productName = "Access Control";
			productReference = D92E9D761DBDA149009C0F70 /* Access Control.app */;
			productType = "com.apple.product-type.application";
		};
/* End PBXNativeTarget section */

/* Begin PBXProject section */
		D92E9D4F1DBD9FCC009C0F70 /* Project object */ = {
			isa = PBXProject;
			attributes = {
				LastSwiftUpdateCheck = 0800;
				LastUpgradeCheck = 0800;
				ORGANIZATIONNAME = mfang032;
				TargetAttributes = {
					D92E9D561DBD9FCC009C0F70 = {
						CreatedOnToolsVersion = 8.0;
						DevelopmentTeam = SQ372R9AF7;
						ProvisioningStyle = Automatic;
					};
					D92E9D751DBDA149009C0F70 = {
						CreatedOnToolsVersion = 8.0;
						DevelopmentTeam = SQ372R9AF7;
						ProvisioningStyle = Automatic;
					};
				};
			};
			buildConfigurationList = D92E9D521DBD9FCC009C0F70 /* Build configuration list for PBXProject "Swift3.0访问控制" */;
			compatibilityVersion = "Xcode 3.2";
			developmentRegion = English;
			hasScannedForEncodings = 0;
			knownRegions = (
				en,
				Base,
			);
			mainGroup = D92E9D4E1DBD9FCC009C0F70;
			productRefGroup = D92E9D581DBD9FCC009C0F70 /* Products */;
			projectDirPath = "";
			projectRoot = "";
			targets = (
				D92E9D561DBD9FCC009C0F70 /* Swift3.0访问控制 */,
				D92E9D751DBDA149009C0F70 /* Access Control */,
			);
		};
/* End PBXProject section */

/* Begin PBXResourcesBuildPhase section */
		D92E9D551DBD9FCC009C0F70 /* Resources */ = {
			isa = PBXResourcesBuildPhase;
			buildActionMask = 2147483647;
			files = (
				D92E9D651DBD9FCC009C0F70 /* LaunchScreen.storyboard in Resources */,
				D92E9D621DBD9FCC009C0F70 /* Assets.xcassets in Resources */,
				D92E9D601DBD9FCC009C0F70 /* Main.storyboard in Resources */,
			);
			runOnlyForDeploymentPostprocessing = 0;
		};
		D92E9D741DBDA149009C0F70 /* Resources */ = {
			isa = PBXResourcesBuildPhase;
			buildActionMask = 2147483647;
			files = (
				D92E9D831DBDA149009C0F70 /* LaunchScreen.storyboard in Resources */,
				D92E9D801DBDA149009C0F70 /* Assets.xcassets in Resources */,
				D92E9D7E1DBDA149009C0F70 /* Main.storyboard in Resources */,
			);
			runOnlyForDeploymentPostprocessing = 0;
		};
/* End PBXResourcesBuildPhase section */

/* Begin PBXSourcesBuildPhase section */
		D92E9D531DBD9FCC009C0F70 /* Sources */ = {
			isa = PBXSourcesBuildPhase;
			buildActionMask = 2147483647;
			files = (
				D92E9D711DBDA08F009C0F70 /* Man.swift in Sources */,
				D92E9D5D1DBD9FCC009C0F70 /* ViewController.swift in Sources */,
				D92E9D5B1DBD9FCC009C0F70 /* AppDelegate.swift in Sources */,
				D92E9D6F1DBDA036009C0F70 /* Animal.swift in Sources */,
			);
			runOnlyForDeploymentPostprocessing = 0;
		};
		D92E9D721DBDA149009C0F70 /* Sources */ = {
			isa = PBXSourcesBuildPhase;
			buildActionMask = 2147483647;
			files = (
				D92E9D7B1DBDA149009C0F70 /* ViewController.swift in Sources */,
				D92E9D791DBDA149009C0F70 /* AppDelegate.swift in Sources */,
				D92E9D891DBDA158009C0F70 /* Woman.swift in Sources */,
			);
			runOnlyForDeploymentPostprocessing = 0;
		};
/* End PBXSourcesBuildPhase section */

/* Begin PBXVariantGroup section */
		D92E9D5E1DBD9FCC009C0F70 /* Main.storyboard */ = {
			isa = PBXVariantGroup;
			children = (
				D92E9D5F1DBD9FCC009C0F70 /* Base */,
			);
			name = Main.storyboard;
			sourceTree = "<group>";
		};
		D92E9D631DBD9FCC009C0F70 /* LaunchScreen.storyboard */ = {
			isa = PBXVariantGroup;
			children = (
				D92E9D641DBD9FCC009C0F70 /* Base */,
			);
			name = LaunchScreen.storyboard;
			sourceTree = "<group>";
		};
		D92E9D7C1DBDA149009C0F70 /* Main.storyboard */ = {
			isa = PBXVariantGroup;
			children = (
				D92E9D7D1DBDA149009C0F70 /* Base */,
			);
			name = Main.storyboard;
			sourceTree = "<group>";
		};
		D92E9D811DBDA149009C0F70 /* LaunchScreen.storyboard */ = {
			isa = PBXVariantGroup;
			children = (
				D92E9D821DBDA149009C0F70 /* Base */,
			);
			name = LaunchScreen.storyboard;
			sourceTree = "<group>";
		};
/* End PBXVariantGroup section */

/* Begin XCBuildConfiguration section */
		D92E9D671DBD9FCC009C0F70 /* Debug */ = {
			isa = XCBuildConfiguration;
			buildSettings = {
				ALWAYS_SEARCH_USER_PATHS = NO;
				CLANG_ANALYZER_NONNULL = YES;
				CLANG_CXX_LANGUAGE_STANDARD = "gnu++0x";
				CLANG_CXX_LIBRARY = "libc++";
				CLANG_ENABLE_MODULES = YES;
				CLANG_ENABLE_OBJC_ARC = YES;
				CLANG_WARN_BOOL_CONVERSION = YES;
				CLANG_WARN_CONSTANT_CONVERSION = YES;
				CLANG_WARN_DIRECT_OBJC_ISA_USAGE = YES_ERROR;
				CLANG_WARN_DOCUMENTATION_COMMENTS = YES;
				CLANG_WARN_EMPTY_BODY = YES;
				CLANG_WARN_ENUM_CONVERSION = YES;
				CLANG_WARN_INFINITE_RECURSION = YES;
				CLANG_WARN_INT_CONVERSION = YES;
				CLANG_WARN_OBJC_ROOT_CLASS = YES_ERROR;
				CLANG_WARN_SUSPICIOUS_MOVES = YES;
				CLANG_WARN_UNREACHABLE_CODE = YES;
				CLANG_WARN__DUPLICATE_METHOD_MATCH = YES;
				"CODE_SIGN_IDENTITY[sdk=iphoneos*]" = "iPhone Developer";
				COPY_PHASE_STRIP = NO;
				DEBUG_INFORMATION_FORMAT = dwarf;
				ENABLE_STRICT_OBJC_MSGSEND = YES;
				ENABLE_TESTABILITY = YES;
				GCC_C_LANGUAGE_STANDARD = gnu99;
				GCC_DYNAMIC_NO_PIC = NO;
				GCC_NO_COMMON_BLOCKS = YES;
				GCC_OPTIMIZATION_LEVEL = 0;
				GCC_PREPROCESSOR_DEFINITIONS = (
					"DEBUG=1",
					"$(inherited)",
				);
				GCC_WARN_64_TO_32_BIT_CONVERSION = YES;
				GCC_WARN_ABOUT_RETURN_TYPE = YES_ERROR;
				GCC_WARN_UNDECLARED_SELECTOR = YES;
				GCC_WARN_UNINITIALIZED_AUTOS = YES_AGGRESSIVE;
				GCC_WARN_UNUSED_FUNCTION = YES;
				GCC_WARN_UNUSED_VARIABLE = YES;
				IPHONEOS_DEPLOYMENT_TARGET = 10.0;
				MTL_ENABLE_DEBUG_INFO = YES;
				ONLY_ACTIVE_ARCH = YES;
				SDKROOT = iphoneos;
				SWIFT_ACTIVE_COMPILATION_CONDITIONS = DEBUG;
				SWIFT_OPTIMIZATION_LEVEL = "-Onone";
				TARGETED_DEVICE_FAMILY = "1,2";
			};
			name = Debug;
		};
		D92E9D681DBD9FCC009C0F70 /* Release */ = {
			isa = XCBuildConfiguration;
			buildSettings = {
				ALWAYS_SEARCH_USER_PATHS = NO;
				CLANG_ANALYZER_NONNULL = YES;
				CLANG_CXX_LANGUAGE_STANDARD = "gnu++0x";
				CLANG_CXX_LIBRARY = "libc++";
				CLANG_ENABLE_MODULES = YES;
				CLANG_ENABLE_OBJC_ARC = YES;
				CLANG_WARN_BOOL_CONVERSION = YES;
				CLANG_WARN_CONSTANT_CONVERSION = YES;
				CLANG_WARN_DIRECT_OBJC_ISA_USAGE = YES_ERROR;
				CLANG_WARN_DOCUMENTATION_COMMENTS = YES;
				CLANG_WARN_EMPTY_BODY = YES;
				CLANG_WARN_ENUM_CONVERSION = YES;
				CLANG_WARN_INFINITE_RECURSION = YES;
				CLANG_WARN_INT_CONVERSION = YES;
				CLANG_WARN_OBJC_ROOT_CLASS = YES_ERROR;
				CLANG_WARN_SUSPICIOUS_MOVES = YES;
				CLANG_WARN_UNREACHABLE_CODE = YES;
				CLANG_WARN__DUPLICATE_METHOD_MATCH = YES;
				"CODE_SIGN_IDENTITY[sdk=iphoneos*]" = "iPhone Developer";
				COPY_PHASE_STRIP = NO;
				DEBUG_INFORMATION_FORMAT = "dwarf-with-dsym";
				ENABLE_NS_ASSERTIONS = NO;
				ENABLE_STRICT_OBJC_MSGSEND = YES;
				GCC_C_LANGUAGE_STANDARD = gnu99;
				GCC_NO_COMMON_BLOCKS = YES;
				GCC_WARN_64_TO_32_BIT_CONVERSION = YES;
				GCC_WARN_ABOUT_RETURN_TYPE = YES_ERROR;
				GCC_WARN_UNDECLARED_SELECTOR = YES;
				GCC_WARN_UNINITIALIZED_AUTOS = YES_AGGRESSIVE;
				GCC_WARN_UNUSED_FUNCTION = YES;
				GCC_WARN_UNUSED_VARIABLE = YES;
				IPHONEOS_DEPLOYMENT_TARGET = 10.0;
				MTL_ENABLE_DEBUG_INFO = NO;
				SDKROOT = iphoneos;
				SWIFT_OPTIMIZATION_LEVEL = "-Owholemodule";
				TARGETED_DEVICE_FAMILY = "1,2";
				VALIDATE_PRODUCT = YES;
			};
			name = Release;
		};
		D92E9D6A1DBD9FCC009C0F70 /* Debug */ = {
			isa = XCBuildConfiguration;
			buildSettings = {
				ASSETCATALOG_COMPILER_APPICON_NAME = AppIcon;
				DEVELOPMENT_TEAM = SQ372R9AF7;
				INFOPLIST_FILE = "Swift3.0访问控制/Info.plist";
				LD_RUNPATH_SEARCH_PATHS = "$(inherited) @executable_path/Frameworks";
				PRODUCT_BUNDLE_IDENTIFIER = "com.pwc.Rex.Swift3-0----";
				PRODUCT_NAME = "$(TARGET_NAME)";
				SWIFT_VERSION = 3.0;
			};
			name = Debug;
		};
		D92E9D6B1DBD9FCC009C0F70 /* Release */ = {
			isa = XCBuildConfiguration;
			buildSettings = {
				ASSETCATALOG_COMPILER_APPICON_NAME = AppIcon;
				DEVELOPMENT_TEAM = SQ372R9AF7;
				INFOPLIST_FILE = "Swift3.0访问控制/Info.plist";
				LD_RUNPATH_SEARCH_PATHS = "$(inherited) @executable_path/Frameworks";
				PRODUCT_BUNDLE_IDENTIFIER = "com.pwc.Rex.Swift3-0----";
				PRODUCT_NAME = "$(TARGET_NAME)";
				SWIFT_VERSION = 3.0;
			};
			name = Release;
		};
		D92E9D861DBDA149009C0F70 /* Debug */ = {
			isa = XCBuildConfiguration;
			buildSettings = {
				ASSETCATALOG_COMPILER_APPICON_NAME = AppIcon;
				"CODE_SIGN_IDENTITY[sdk=iphoneos*]" = "iPhone Developer";
				DEVELOPMENT_TEAM = SQ372R9AF7;
				INFOPLIST_FILE = "Access Control/Info.plist";
				LD_RUNPATH_SEARCH_PATHS = "$(inherited) @executable_path/Frameworks";
				PRODUCT_BUNDLE_IDENTIFIER = com.pwc.Rex.Michael;
				PRODUCT_NAME = "$(TARGET_NAME)";
				SWIFT_VERSION = 3.0;
			};
			name = Debug;
		};
		D92E9D871DBDA149009C0F70 /* Release */ = {
			isa = XCBuildConfiguration;
			buildSettings = {
				ASSETCATALOG_COMPILER_APPICON_NAME = AppIcon;
				"CODE_SIGN_IDENTITY[sdk=iphoneos*]" = "iPhone Developer";
				DEVELOPMENT_TEAM = SQ372R9AF7;
				INFOPLIST_FILE = "Access Control/Info.plist";
				LD_RUNPATH_SEARCH_PATHS = "$(inherited) @executable_path/Frameworks";
				PRODUCT_BUNDLE_IDENTIFIER = com.pwc.Rex.Michael;
				PRODUCT_NAME = "$(TARGET_NAME)";
				SWIFT_VERSION = 3.0;
			};
			name = Release;
		};
/* End XCBuildConfiguration section */

/* Begin XCConfigurationList section */
		D92E9D521DBD9FCC009C0F70 /* Build configuration list for PBXProject "Swift3.0访问控制" */ = {
			isa = XCConfigurationList;
			buildConfigurations = (
				D92E9D671DBD9FCC009C0F70 /* Debug */,
				D92E9D681DBD9FCC009C0F70 /* Release */,
			);
			defaultConfigurationIsVisible = 0;
			defaultConfigurationName = Release;
		};
		D92E9D691DBD9FCC009C0F70 /* Build configuration list for PBXNativeTarget "Swift3.0访问控制" */ = {
			isa = XCConfigurationList;
			buildConfigurations = (
				D92E9D6A1DBD9FCC009C0F70 /* Debug */,
				D92E9D6B1DBD9FCC009C0F70 /* Release */,
			);
			defaultConfigurationIsVisible = 0;
		};
		D92E9D851DBDA149009C0F70 /* Build configuration list for PBXNativeTarget "Access Control" */ = {
			isa = XCConfigurationList;
			buildConfigurations = (
				D92E9D861DBDA149009C0F70 /* Debug */,
				D92E9D871DBDA149009C0F70 /* Release */,
			);
			defaultConfigurationIsVisible = 0;
		};
/* End XCConfigurationList section */
	};
	rootObject = D92E9D4F1DBD9FCC009C0F70 /* Project object */;
}
