// !$*UTF8*$!
{
	archiveVersion = 1;
	classes = {
	};
	objectVersion = 46;
	objects = {

/* Begin PBXBuildFile section */
		D971491F1C92737800AE681F /* AppDelegate.swift in Sources */ = {isa = PBXBuildFile; fileRef = D971491E1C92737700AE681F /* AppDelegate.swift */; };
		D97149211C92737800AE681F /* ViewController.swift in Sources */ = {isa = PBXBuildFile; fileRef = D97149201C92737800AE681F /* ViewController.swift */; };
		D97149241C92737800AE681F /* Main.storyboard in Resources */ = {isa = PBXBuildFile; fileRef = D97149221C92737800AE681F /* Main.storyboard */; };
		D97149261C92737800AE681F /* Assets.xcassets in Resources */ = {isa = PBXBuildFile; fileRef = D97149251C92737800AE681F /* Assets.xcassets */; };
		D97149291C92737800AE681F /* LaunchScreen.storyboard in Resources */ = {isa = PBXBuildFile; fileRef = D97149271C92737800AE681F /* LaunchScreen.storyboard */; };
		D97149311C92739A00AE681F /* REXCheckButton.swift in Sources */ = {isa = PBXBuildFile; fileRef = D97149301C92739A00AE681F /* REXCheckButton.swift */; };
/* End PBXBuildFile section */

/* Begin PBXFileReference section */
		D971491B1C92737700AE681F /* CheckButton.app */ = {isa = PBXFileReference; explicitFileType = wrapper.application; includeInIndex = 0; path = CheckButton.app; sourceTree = BUILT_PRODUCTS_DIR; };
		D971491E1C92737700AE681F /* AppDelegate.swift */ = {isa = PBXFileReference; lastKnownFileType = sourcecode.swift; path = AppDelegate.swift; sourceTree = "<group>"; };
		D97149201C92737800AE681F /* ViewController.swift */ = {isa = PBXFileReference; lastKnownFileType = sourcecode.swift; path = ViewController.swift; sourceTree = "<group>"; };
		D97149231C92737800AE681F /* Base */ = {isa = PBXFileReference; lastKnownFileType = file.storyboard; name = Base; path = Base.lproj/Main.storyboard; sourceTree = "<group>"; };
		D97149251C92737800AE681F /* Assets.xcassets */ = {isa = PBXFileReference; lastKnownFileType = folder.assetcatalog; path = Assets.xcassets; sourceTree = "<group>"; };
		D97149281C92737800AE681F /* Base */ = {isa = PBXFileReference; lastKnownFileType = file.storyboard; name = Base; path = Base.lproj/LaunchScreen.storyboard; sourceTree = "<group>"; };
		D971492A1C92737800AE681F /* Info.plist */ = {isa = PBXFileReference; lastKnownFileType = text.plist.xml; path = Info.plist; sourceTree = "<group>"; };
		D97149301C92739A00AE681F /* REXCheckButton.swift */ = {isa = PBXFileReference; fileEncoding = 4; lastKnownFileType = sourcecode.swift; path = REXCheckButton.swift; sourceTree = "<group>"; };
/* End PBXFileReference section */

/* Begin PBXFrameworksBuildPhase section */
		D97149181C92737700AE681F /* Frameworks */ = {
			isa = PBXFrameworksBuildPhase;
			buildActionMask = 2147483647;
			files = (
			);
			runOnlyForDeploymentPostprocessing = 0;
		};
/* End PBXFrameworksBuildPhase section */

/* Begin PBXGroup section */
		D97149121C92737700AE681F = {
			isa = PBXGroup;
			children = (
				D971491D1C92737700AE681F /* CheckButton */,
				D971491C1C92737700AE681F /* Products */,
			);
			sourceTree = "<group>";
		};
		D971491C1C92737700AE681F /* Products */ = {
			isa = PBXGroup;
			children = (
				D971491B1C92737700AE681F /* CheckButton.app */,
			);
			name = Products;
			sourceTree = "<group>";
		};
		D971491D1C92737700AE681F /* CheckButton */ = {
			isa = PBXGroup;
			children = (
				D97149301C92739A00AE681F /* REXCheckButton.swift */,
				D971491E1C92737700AE681F /* AppDelegate.swift */,
				D97149201C92737800AE681F /* ViewController.swift */,
				D97149221C92737800AE681F /* Main.storyboard */,
				D97149251C92737800AE681F /* Assets.xcassets */,
				D97149271C92737800AE681F /* LaunchScreen.storyboard */,
				D971492A1C92737800AE681F /* Info.plist */,
			);
			path = CheckButton;
			sourceTree = "<group>";
		};
/* End PBXGroup section */

/* Begin PBXNativeTarget section */
		D971491A1C92737700AE681F /* CheckButton */ = {
			isa = PBXNativeTarget;
			buildConfigurationList = D971492D1C92737800AE681F /* Build configuration list for PBXNativeTarget "CheckButton" */;
			buildPhases = (
				D97149171C92737700AE681F /* Sources */,
				D97149181C92737700AE681F /* Frameworks */,
				D97149191C92737700AE681F /* Resources */,
			);
			buildRules = (
			);
			dependencies = (
			);
			name = CheckButton;
			productName = CheckButton;
			productReference = D971491B1C92737700AE681F /* CheckButton.app */;
			productType = "com.apple.product-type.application";
		};
/* End PBXNativeTarget section */

/* Begin PBXProject section */
		D97149131C92737700AE681F /* Project object */ = {
			isa = PBXProject;
			attributes = {
				LastSwiftUpdateCheck = 0720;
				LastUpgradeCheck = 0720;
				ORGANIZATIONNAME = mfang032;
				TargetAttributes = {
					D971491A1C92737700AE681F = {
						CreatedOnToolsVersion = 7.2.1;
						DevelopmentTeam = 7EESHMQVLF;
					};
				};
			};
			buildConfigurationList = D97149161C92737700AE681F /* Build configuration list for PBXProject "CheckButton" */;
			compatibilityVersion = "Xcode 3.2";
			developmentRegion = English;
			hasScannedForEncodings = 0;
			knownRegions = (
				en,
				Base,
			);
			mainGroup = D97149121C92737700AE681F;
			productRefGroup = D971491C1C92737700AE681F /* Products */;
			projectDirPath = "";
			projectRoot = "";
			targets = (
				D971491A1C92737700AE681F /* CheckButton */,
			);
		};
/* End PBXProject section */

/* Begin PBXResourcesBuildPhase section */
		D97149191C92737700AE681F /* Resources */ = {
			isa = PBXResourcesBuildPhase;
			buildActionMask = 2147483647;
			files = (
				D97149291C92737800AE681F /* LaunchScreen.storyboard in Resources */,
				D97149261C92737800AE681F /* Assets.xcassets in Resources */,
				D97149241C92737800AE681F /* Main.storyboard in Resources */,
			);
			runOnlyForDeploymentPostprocessing = 0;
		};
/* End PBXResourcesBuildPhase section */

/* Begin PBXSourcesBuildPhase section */
		D97149171C92737700AE681F /* Sources */ = {
			isa = PBXSourcesBuildPhase;
			buildActionMask = 2147483647;
			files = (
				D97149311C92739A00AE681F /* REXCheckButton.swift in Sources */,
				D97149211C92737800AE681F /* ViewController.swift in Sources */,
				D971491F1C92737800AE681F /* AppDelegate.swift in Sources */,
			);
			runOnlyForDeploymentPostprocessing = 0;
		};
/* End PBXSourcesBuildPhase section */

/* Begin PBXVariantGroup section */
		D97149221C92737800AE681F /* Main.storyboard */ = {
			isa = PBXVariantGroup;
			children = (
				D97149231C92737800AE681F /* Base */,
			);
			name = Main.storyboard;
			sourceTree = "<group>";
		};
		D97149271C92737800AE681F /* LaunchScreen.storyboard */ = {
			isa = PBXVariantGroup;
			children = (
				D97149281C92737800AE681F /* Base */,
			);
			name = LaunchScreen.storyboard;
			sourceTree = "<group>";
		};
/* End PBXVariantGroup section */

/* Begin XCBuildConfiguration section */
		D971492B1C92737800AE681F /* Debug */ = {
			isa = XCBuildConfiguration;
			buildSettings = {
				ALWAYS_SEARCH_USER_PATHS = NO;
				CLANG_CXX_LANGUAGE_STANDARD = "gnu++0x";
				CLANG_CXX_LIBRARY = "libc++";
				CLANG_ENABLE_MODULES = YES;
				CLANG_ENABLE_OBJC_ARC = YES;
				CLANG_WARN_BOOL_CONVERSION = YES;
				CLANG_WARN_CONSTANT_CONVERSION = YES;
				CLANG_WARN_DIRECT_OBJC_ISA_USAGE = YES_ERROR;
				CLANG_WARN_EMPTY_BODY = YES;
				CLANG_WARN_ENUM_CONVERSION = YES;
				CLANG_WARN_INT_CONVERSION = YES;
				CLANG_WARN_OBJC_ROOT_CLASS = YES_ERROR;
				CLANG_WARN_UNREACHABLE_CODE = YES;
				CLANG_WARN__DUPLICATE_METHOD_MATCH = YES;
				"CODE_SIGN_IDENTITY[sdk=iphoneos*]" = "iPhone Developer";
				COPY_PHASE_STRIP = NO;
				DEBUG_INFORMATION_FORMAT = dwarf;
				ENABLE_STRICT_OBJC_MSGSEND = YES;
				ENABLE_TESTABILITY = YES;
				GCC_C_LANGUAGE_STANDARD = gnu99;
				GCC_DYNAMIC_NO_PIC = NO;
				GCC_NO_COMMON_BLOCKS = YES;
				GCC_OPTIMIZATION_LEVEL = 0;
				GCC_PREPROCESSOR_DEFINITIONS = (
					"DEBUG=1",
					"$(inherited)",
				);
				GCC_WARN_64_TO_32_BIT_CONVERSION = YES;
				GCC_WARN_ABOUT_RETURN_TYPE = YES_ERROR;
				GCC_WARN_UNDECLARED_SELECTOR = YES;
				GCC_WARN_UNINITIALIZED_AUTOS = YES_AGGRESSIVE;
				GCC_WARN_UNUSED_FUNCTION = YES;
				GCC_WARN_UNUSED_VARIABLE = YES;
				IPHONEOS_DEPLOYMENT_TARGET = 9.2;
				MTL_ENABLE_DEBUG_INFO = YES;
				ONLY_ACTIVE_ARCH = YES;
				SDKROOT = iphoneos;
				SWIFT_OPTIMIZATION_LEVEL = "-Onone";
				TARGETED_DEVICE_FAMILY = "1,2";
			};
			name = Debug;
		};
		D971492C1C92737800AE681F /* Release */ = {
			isa = XCBuildConfiguration;
			buildSettings = {
				ALWAYS_SEARCH_USER_PATHS = NO;
				CLANG_CXX_LANGUAGE_STANDARD = "gnu++0x";
				CLANG_CXX_LIBRARY = "libc++";
				CLANG_ENABLE_MODULES = YES;
				CLANG_ENABLE_OBJC_ARC = YES;
				CLANG_WARN_BOOL_CONVERSION = YES;
				CLANG_WARN_CONSTANT_CONVERSION = YES;
				CLANG_WARN_DIRECT_OBJC_ISA_USAGE = YES_ERROR;
				CLANG_WARN_EMPTY_BODY = YES;
				CLANG_WARN_ENUM_CONVERSION = YES;
				CLANG_WARN_INT_CONVERSION = YES;
				CLANG_WARN_OBJC_ROOT_CLASS = YES_ERROR;
				CLANG_WARN_UNREACHABLE_CODE = YES;
				CLANG_WARN__DUPLICATE_METHOD_MATCH = YES;
				"CODE_SIGN_IDENTITY[sdk=iphoneos*]" = "iPhone Developer";
				COPY_PHASE_STRIP = NO;
				DEBUG_INFORMATION_FORMAT = "dwarf-with-dsym";
				ENABLE_NS_ASSERTIONS = NO;
				ENABLE_STRICT_OBJC_MSGSEND = YES;
				GCC_C_LANGUAGE_STANDARD = gnu99;
				GCC_NO_COMMON_BLOCKS = YES;
				GCC_WARN_64_TO_32_BIT_CONVERSION = YES;
				GCC_WARN_ABOUT_RETURN_TYPE = YES_ERROR;
				GCC_WARN_UNDECLARED_SELECTOR = YES;
				GCC_WARN_UNINITIALIZED_AUTOS = YES_AGGRESSIVE;
				GCC_WARN_UNUSED_FUNCTION = YES;
				GCC_WARN_UNUSED_VARIABLE = YES;
				IPHONEOS_DEPLOYMENT_TARGET = 9.2;
				MTL_ENABLE_DEBUG_INFO = NO;
				SDKROOT = iphoneos;
				TARGETED_DEVICE_FAMILY = "1,2";
				VALIDATE_PRODUCT = YES;
			};
			name = Release;
		};
		D971492E1C92737800AE681F /* Debug */ = {
			isa = XCBuildConfiguration;
			buildSettings = {
				ASSETCATALOG_COMPILER_APPICON_NAME = AppIcon;
				INFOPLIST_FILE = CheckButton/Info.plist;
				LD_RUNPATH_SEARCH_PATHS = "$(inherited) @executable_path/Frameworks";
				PRODUCT_BUNDLE_IDENTIFIER = mfang032.CheckButton;
				PRODUCT_NAME = "$(TARGET_NAME)";
			};
			name = Debug;
		};
		D971492F1C92737800AE681F /* Release */ = {
			isa = XCBuildConfiguration;
			buildSettings = {
				ASSETCATALOG_COMPILER_APPICON_NAME = AppIcon;
				INFOPLIST_FILE = CheckButton/Info.plist;
				LD_RUNPATH_SEARCH_PATHS = "$(inherited) @executable_path/Frameworks";
				PRODUCT_BUNDLE_IDENTIFIER = mfang032.CheckButton;
				PRODUCT_NAME = "$(TARGET_NAME)";
			};
			name = Release;
		};
/* End XCBuildConfiguration section */

/* Begin XCConfigurationList section */
		D97149161C92737700AE681F /* Build configuration list for PBXProject "CheckButton" */ = {
			isa = XCConfigurationList;
			buildConfigurations = (
				D971492B1C92737800AE681F /* Debug */,
				D971492C1C92737800AE681F /* Release */,
			);
			defaultConfigurationIsVisible = 0;
			defaultConfigurationName = Release;
		};
		D971492D1C92737800AE681F /* Build configuration list for PBXNativeTarget "CheckButton" */ = {
			isa = XCConfigurationList;
			buildConfigurations = (
				D971492E1C92737800AE681F /* Debug */,
				D971492F1C92737800AE681F /* Release */,
			);
			defaultConfigurationIsVisible = 0;
		};
/* End XCConfigurationList section */
	};
	rootObject = D97149131C92737700AE681F /* Project object */;
}
