// !$*UTF8*$!
{
	archiveVersion = 1;
	classes = {
	};
	objectVersion = 46;
	objects = {

/* Begin PBXBuildFile section */
		D9B371581BD9C9A00056AC43 /* AppDelegate.swift in Sources */ = {isa = PBXBuildFile; fileRef = D9B371571BD9C9A00056AC43 /* AppDelegate.swift */; };
		D9B3715F1BD9C9A00056AC43 /* Assets.xcassets in Resources */ = {isa = PBXBuildFile; fileRef = D9B3715E1BD9C9A00056AC43 /* Assets.xcassets */; };
		D9B371621BD9C9A00056AC43 /* LaunchScreen.storyboard in Resources */ = {isa = PBXBuildFile; fileRef = D9B371601BD9C9A00056AC43 /* LaunchScreen.storyboard */; };
		D9B3716D1BD9C9A00056AC43 /* _____Tests.swift in Sources */ = {isa = PBXBuildFile; fileRef = D9B3716C1BD9C9A00056AC43 /* _____Tests.swift */; };
		D9B371781BD9C9A00056AC43 /* _____UITests.swift in Sources */ = {isa = PBXBuildFile; fileRef = D9B371771BD9C9A00056AC43 /* _____UITests.swift */; };
		D9B371871BD9C9CA0056AC43 /* LeftMenuViewController.swift in Sources */ = {isa = PBXBuildFile; fileRef = D9B371851BD9C9CA0056AC43 /* LeftMenuViewController.swift */; settings = {ASSET_TAGS = (); }; };
		D9B371881BD9C9CA0056AC43 /* LeftMenuViewController.xib in Resources */ = {isa = PBXBuildFile; fileRef = D9B371861BD9C9CA0056AC43 /* LeftMenuViewController.xib */; settings = {ASSET_TAGS = (); }; };
		D9B3718B1BD9D30F0056AC43 /* LeftTableViewCell.swift in Sources */ = {isa = PBXBuildFile; fileRef = D9B371891BD9D30F0056AC43 /* LeftTableViewCell.swift */; settings = {ASSET_TAGS = (); }; };
		D9B3718C1BD9D30F0056AC43 /* LeftTableViewCell.xib in Resources */ = {isa = PBXBuildFile; fileRef = D9B3718A1BD9D30F0056AC43 /* LeftTableViewCell.xib */; settings = {ASSET_TAGS = (); }; };
		D9F880901BDE7F6100C17798 /* MainViewController.swift in Sources */ = {isa = PBXBuildFile; fileRef = D9F8808E1BDE7F6100C17798 /* MainViewController.swift */; settings = {ASSET_TAGS = (); }; };
		D9F880911BDE7F6100C17798 /* MainViewController.xib in Resources */ = {isa = PBXBuildFile; fileRef = D9F8808F1BDE7F6100C17798 /* MainViewController.xib */; settings = {ASSET_TAGS = (); }; };
		D9F880981BDEFE8F00C17798 /* SWRevealViewController.m in Sources */ = {isa = PBXBuildFile; fileRef = D9F880971BDEFE8F00C17798 /* SWRevealViewController.m */; settings = {ASSET_TAGS = (); }; };
/* End PBXBuildFile section */

/* Begin PBXContainerItemProxy section */
		D9B371691BD9C9A00056AC43 /* PBXContainerItemProxy */ = {
			isa = PBXContainerItemProxy;
			containerPortal = D9B3714C1BD9C99F0056AC43 /* Project object */;
			proxyType = 1;
			remoteGlobalIDString = D9B371531BD9C99F0056AC43;
			remoteInfo = "侧边栏效果";
		};
		D9B371741BD9C9A00056AC43 /* PBXContainerItemProxy */ = {
			isa = PBXContainerItemProxy;
			containerPortal = D9B3714C1BD9C99F0056AC43 /* Project object */;
			proxyType = 1;
			remoteGlobalIDString = D9B371531BD9C99F0056AC43;
			remoteInfo = "侧边栏效果";
		};
/* End PBXContainerItemProxy section */

/* Begin PBXFileReference section */
		D9B371541BD9C99F0056AC43 /* 侧边栏效果.app */ = {isa = PBXFileReference; explicitFileType = wrapper.application; includeInIndex = 0; path = "侧边栏效果.app"; sourceTree = BUILT_PRODUCTS_DIR; };
		D9B371571BD9C9A00056AC43 /* AppDelegate.swift */ = {isa = PBXFileReference; lastKnownFileType = sourcecode.swift; path = AppDelegate.swift; sourceTree = "<group>"; };
		D9B3715E1BD9C9A00056AC43 /* Assets.xcassets */ = {isa = PBXFileReference; lastKnownFileType = folder.assetcatalog; path = Assets.xcassets; sourceTree = "<group>"; };
		D9B371611BD9C9A00056AC43 /* Base */ = {isa = PBXFileReference; lastKnownFileType = file.storyboard; name = Base; path = Base.lproj/LaunchScreen.storyboard; sourceTree = "<group>"; };
		D9B371631BD9C9A00056AC43 /* Info.plist */ = {isa = PBXFileReference; lastKnownFileType = text.plist.xml; path = Info.plist; sourceTree = "<group>"; };
		D9B371681BD9C9A00056AC43 /* 侧边栏效果Tests.xctest */ = {isa = PBXFileReference; explicitFileType = wrapper.cfbundle; includeInIndex = 0; path = "侧边栏效果Tests.xctest"; sourceTree = BUILT_PRODUCTS_DIR; };
		D9B3716C1BD9C9A00056AC43 /* _____Tests.swift */ = {isa = PBXFileReference; lastKnownFileType = sourcecode.swift; path = "_____Tests.swift"; sourceTree = "<group>"; };
		D9B3716E1BD9C9A00056AC43 /* Info.plist */ = {isa = PBXFileReference; lastKnownFileType = text.plist.xml; path = Info.plist; sourceTree = "<group>"; };
		D9B371731BD9C9A00056AC43 /* 侧边栏效果UITests.xctest */ = {isa = PBXFileReference; explicitFileType = wrapper.cfbundle; includeInIndex = 0; path = "侧边栏效果UITests.xctest"; sourceTree = BUILT_PRODUCTS_DIR; };
		D9B371771BD9C9A00056AC43 /* _____UITests.swift */ = {isa = PBXFileReference; lastKnownFileType = sourcecode.swift; path = "_____UITests.swift"; sourceTree = "<group>"; };
		D9B371791BD9C9A00056AC43 /* Info.plist */ = {isa = PBXFileReference; lastKnownFileType = text.plist.xml; path = Info.plist; sourceTree = "<group>"; };
		D9B371851BD9C9CA0056AC43 /* LeftMenuViewController.swift */ = {isa = PBXFileReference; fileEncoding = 4; lastKnownFileType = sourcecode.swift; path = LeftMenuViewController.swift; sourceTree = "<group>"; };
		D9B371861BD9C9CA0056AC43 /* LeftMenuViewController.xib */ = {isa = PBXFileReference; fileEncoding = 4; lastKnownFileType = file.xib; path = LeftMenuViewController.xib; sourceTree = "<group>"; };
		D9B371891BD9D30F0056AC43 /* LeftTableViewCell.swift */ = {isa = PBXFileReference; fileEncoding = 4; lastKnownFileType = sourcecode.swift; path = LeftTableViewCell.swift; sourceTree = "<group>"; };
		D9B3718A1BD9D30F0056AC43 /* LeftTableViewCell.xib */ = {isa = PBXFileReference; fileEncoding = 4; lastKnownFileType = file.xib; path = LeftTableViewCell.xib; sourceTree = "<group>"; };
		D9F8808E1BDE7F6100C17798 /* MainViewController.swift */ = {isa = PBXFileReference; fileEncoding = 4; lastKnownFileType = sourcecode.swift; path = MainViewController.swift; sourceTree = "<group>"; };
		D9F8808F1BDE7F6100C17798 /* MainViewController.xib */ = {isa = PBXFileReference; fileEncoding = 4; lastKnownFileType = file.xib; path = MainViewController.xib; sourceTree = "<group>"; };
		D9F880961BDEFE8F00C17798 /* SWRevealViewController.h */ = {isa = PBXFileReference; fileEncoding = 4; lastKnownFileType = sourcecode.c.h; path = SWRevealViewController.h; sourceTree = "<group>"; };
		D9F880971BDEFE8F00C17798 /* SWRevealViewController.m */ = {isa = PBXFileReference; fileEncoding = 4; lastKnownFileType = sourcecode.c.objc; path = SWRevealViewController.m; sourceTree = "<group>"; };
		D9F8809E1BDF033900C17798 /* 侧边栏效果-Bridging-Header.h */ = {isa = PBXFileReference; fileEncoding = 4; lastKnownFileType = sourcecode.c.h; path = "侧边栏效果-Bridging-Header.h"; sourceTree = "<group>"; };
/* End PBXFileReference section */

/* Begin PBXFrameworksBuildPhase section */
		D9B371511BD9C99F0056AC43 /* Frameworks */ = {
			isa = PBXFrameworksBuildPhase;
			buildActionMask = 2147483647;
			files = (
			);
			runOnlyForDeploymentPostprocessing = 0;
		};
		D9B371651BD9C9A00056AC43 /* Frameworks */ = {
			isa = PBXFrameworksBuildPhase;
			buildActionMask = 2147483647;
			files = (
			);
			runOnlyForDeploymentPostprocessing = 0;
		};
		D9B371701BD9C9A00056AC43 /* Frameworks */ = {
			isa = PBXFrameworksBuildPhase;
			buildActionMask = 2147483647;
			files = (
			);
			runOnlyForDeploymentPostprocessing = 0;
		};
/* End PBXFrameworksBuildPhase section */

/* Begin PBXGroup section */
		D9B3714B1BD9C99F0056AC43 = {
			isa = PBXGroup;
			children = (
				D9B371561BD9C99F0056AC43 /* 侧边栏效果 */,
				D9B3716B1BD9C9A00056AC43 /* 侧边栏效果Tests */,
				D9B371761BD9C9A00056AC43 /* 侧边栏效果UITests */,
				D9B371551BD9C99F0056AC43 /* Products */,
			);
			sourceTree = "<group>";
		};
		D9B371551BD9C99F0056AC43 /* Products */ = {
			isa = PBXGroup;
			children = (
				D9B371541BD9C99F0056AC43 /* 侧边栏效果.app */,
				D9B371681BD9C9A00056AC43 /* 侧边栏效果Tests.xctest */,
				D9B371731BD9C9A00056AC43 /* 侧边栏效果UITests.xctest */,
			);
			name = Products;
			sourceTree = "<group>";
		};
		D9B371561BD9C99F0056AC43 /* 侧边栏效果 */ = {
			isa = PBXGroup;
			children = (
				D9F880951BDEFE8F00C17798 /* SWRevealViewController */,
				D9B371571BD9C9A00056AC43 /* AppDelegate.swift */,
				D9B371851BD9C9CA0056AC43 /* LeftMenuViewController.swift */,
				D9B371861BD9C9CA0056AC43 /* LeftMenuViewController.xib */,
				D9B371891BD9D30F0056AC43 /* LeftTableViewCell.swift */,
				D9B3718A1BD9D30F0056AC43 /* LeftTableViewCell.xib */,
				D9F8808E1BDE7F6100C17798 /* MainViewController.swift */,
				D9F8808F1BDE7F6100C17798 /* MainViewController.xib */,
				D9F8809E1BDF033900C17798 /* 侧边栏效果-Bridging-Header.h */,
				D9B3715E1BD9C9A00056AC43 /* Assets.xcassets */,
				D9B371601BD9C9A00056AC43 /* LaunchScreen.storyboard */,
				D9B371631BD9C9A00056AC43 /* Info.plist */,
			);
			path = "侧边栏效果";
			sourceTree = "<group>";
		};
		D9B3716B1BD9C9A00056AC43 /* 侧边栏效果Tests */ = {
			isa = PBXGroup;
			children = (
				D9B3716C1BD9C9A00056AC43 /* _____Tests.swift */,
				D9B3716E1BD9C9A00056AC43 /* Info.plist */,
			);
			path = "侧边栏效果Tests";
			sourceTree = "<group>";
		};
		D9B371761BD9C9A00056AC43 /* 侧边栏效果UITests */ = {
			isa = PBXGroup;
			children = (
				D9B371771BD9C9A00056AC43 /* _____UITests.swift */,
				D9B371791BD9C9A00056AC43 /* Info.plist */,
			);
			path = "侧边栏效果UITests";
			sourceTree = "<group>";
		};
		D9F880951BDEFE8F00C17798 /* SWRevealViewController */ = {
			isa = PBXGroup;
			children = (
				D9F880961BDEFE8F00C17798 /* SWRevealViewController.h */,
				D9F880971BDEFE8F00C17798 /* SWRevealViewController.m */,
			);
			path = SWRevealViewController;
			sourceTree = "<group>";
		};
/* End PBXGroup section */

/* Begin PBXNativeTarget section */
		D9B371531BD9C99F0056AC43 /* 侧边栏效果 */ = {
			isa = PBXNativeTarget;
			buildConfigurationList = D9B3717C1BD9C9A00056AC43 /* Build configuration list for PBXNativeTarget "侧边栏效果" */;
			buildPhases = (
				D9B371501BD9C99F0056AC43 /* Sources */,
				D9B371511BD9C99F0056AC43 /* Frameworks */,
				D9B371521BD9C99F0056AC43 /* Resources */,
			);
			buildRules = (
			);
			dependencies = (
			);
			name = "侧边栏效果";
			productName = "侧边栏效果";
			productReference = D9B371541BD9C99F0056AC43 /* 侧边栏效果.app */;
			productType = "com.apple.product-type.application";
		};
		D9B371671BD9C9A00056AC43 /* 侧边栏效果Tests */ = {
			isa = PBXNativeTarget;
			buildConfigurationList = D9B3717F1BD9C9A00056AC43 /* Build configuration list for PBXNativeTarget "侧边栏效果Tests" */;
			buildPhases = (
				D9B371641BD9C9A00056AC43 /* Sources */,
				D9B371651BD9C9A00056AC43 /* Frameworks */,
				D9B371661BD9C9A00056AC43 /* Resources */,
			);
			buildRules = (
			);
			dependencies = (
				D9B3716A1BD9C9A00056AC43 /* PBXTargetDependency */,
			);
			name = "侧边栏效果Tests";
			productName = "侧边栏效果Tests";
			productReference = D9B371681BD9C9A00056AC43 /* 侧边栏效果Tests.xctest */;
			productType = "com.apple.product-type.bundle.unit-test";
		};
		D9B371721BD9C9A00056AC43 /* 侧边栏效果UITests */ = {
			isa = PBXNativeTarget;
			buildConfigurationList = D9B371821BD9C9A00056AC43 /* Build configuration list for PBXNativeTarget "侧边栏效果UITests" */;
			buildPhases = (
				D9B3716F1BD9C9A00056AC43 /* Sources */,
				D9B371701BD9C9A00056AC43 /* Frameworks */,
				D9B371711BD9C9A00056AC43 /* Resources */,
			);
			buildRules = (
			);
			dependencies = (
				D9B371751BD9C9A00056AC43 /* PBXTargetDependency */,
			);
			name = "侧边栏效果UITests";
			productName = "侧边栏效果UITests";
			productReference = D9B371731BD9C9A00056AC43 /* 侧边栏效果UITests.xctest */;
			productType = "com.apple.product-type.bundle.ui-testing";
		};
/* End PBXNativeTarget section */

/* Begin PBXProject section */
		D9B3714C1BD9C99F0056AC43 /* Project object */ = {
			isa = PBXProject;
			attributes = {
				LastUpgradeCheck = 0700;
				ORGANIZATIONNAME = mfang032;
				TargetAttributes = {
					D9B371531BD9C99F0056AC43 = {
						CreatedOnToolsVersion = 7.0.1;
					};
					D9B371671BD9C9A00056AC43 = {
						CreatedOnToolsVersion = 7.0.1;
						TestTargetID = D9B371531BD9C99F0056AC43;
					};
					D9B371721BD9C9A00056AC43 = {
						CreatedOnToolsVersion = 7.0.1;
						TestTargetID = D9B371531BD9C99F0056AC43;
					};
				};
			};
			buildConfigurationList = D9B3714F1BD9C99F0056AC43 /* Build configuration list for PBXProject "侧边栏效果" */;
			compatibilityVersion = "Xcode 3.2";
			developmentRegion = English;
			hasScannedForEncodings = 0;
			knownRegions = (
				en,
				Base,
			);
			mainGroup = D9B3714B1BD9C99F0056AC43;
			productRefGroup = D9B371551BD9C99F0056AC43 /* Products */;
			projectDirPath = "";
			projectRoot = "";
			targets = (
				D9B371531BD9C99F0056AC43 /* 侧边栏效果 */,
				D9B371671BD9C9A00056AC43 /* 侧边栏效果Tests */,
				D9B371721BD9C9A00056AC43 /* 侧边栏效果UITests */,
			);
		};
/* End PBXProject section */

/* Begin PBXResourcesBuildPhase section */
		D9B371521BD9C99F0056AC43 /* Resources */ = {
			isa = PBXResourcesBuildPhase;
			buildActionMask = 2147483647;
			files = (
				D9B3718C1BD9D30F0056AC43 /* LeftTableViewCell.xib in Resources */,
				D9B371621BD9C9A00056AC43 /* LaunchScreen.storyboard in Resources */,
				D9F880911BDE7F6100C17798 /* MainViewController.xib in Resources */,
				D9B3715F1BD9C9A00056AC43 /* Assets.xcassets in Resources */,
				D9B371881BD9C9CA0056AC43 /* LeftMenuViewController.xib in Resources */,
			);
			runOnlyForDeploymentPostprocessing = 0;
		};
		D9B371661BD9C9A00056AC43 /* Resources */ = {
			isa = PBXResourcesBuildPhase;
			buildActionMask = 2147483647;
			files = (
			);
			runOnlyForDeploymentPostprocessing = 0;
		};
		D9B371711BD9C9A00056AC43 /* Resources */ = {
			isa = PBXResourcesBuildPhase;
			buildActionMask = 2147483647;
			files = (
			);
			runOnlyForDeploymentPostprocessing = 0;
		};
/* End PBXResourcesBuildPhase section */

/* Begin PBXSourcesBuildPhase section */
		D9B371501BD9C99F0056AC43 /* Sources */ = {
			isa = PBXSourcesBuildPhase;
			buildActionMask = 2147483647;
			files = (
				D9B371581BD9C9A00056AC43 /* AppDelegate.swift in Sources */,
				D9B3718B1BD9D30F0056AC43 /* LeftTableViewCell.swift in Sources */,
				D9F880981BDEFE8F00C17798 /* SWRevealViewController.m in Sources */,
				D9B371871BD9C9CA0056AC43 /* LeftMenuViewController.swift in Sources */,
				D9F880901BDE7F6100C17798 /* MainViewController.swift in Sources */,
			);
			runOnlyForDeploymentPostprocessing = 0;
		};
		D9B371641BD9C9A00056AC43 /* Sources */ = {
			isa = PBXSourcesBuildPhase;
			buildActionMask = 2147483647;
			files = (
				D9B3716D1BD9C9A00056AC43 /* _____Tests.swift in Sources */,
			);
			runOnlyForDeploymentPostprocessing = 0;
		};
		D9B3716F1BD9C9A00056AC43 /* Sources */ = {
			isa = PBXSourcesBuildPhase;
			buildActionMask = 2147483647;
			files = (
				D9B371781BD9C9A00056AC43 /* _____UITests.swift in Sources */,
			);
			runOnlyForDeploymentPostprocessing = 0;
		};
/* End PBXSourcesBuildPhase section */

/* Begin PBXTargetDependency section */
		D9B3716A1BD9C9A00056AC43 /* PBXTargetDependency */ = {
			isa = PBXTargetDependency;
			target = D9B371531BD9C99F0056AC43 /* 侧边栏效果 */;
			targetProxy = D9B371691BD9C9A00056AC43 /* PBXContainerItemProxy */;
		};
		D9B371751BD9C9A00056AC43 /* PBXTargetDependency */ = {
			isa = PBXTargetDependency;
			target = D9B371531BD9C99F0056AC43 /* 侧边栏效果 */;
			targetProxy = D9B371741BD9C9A00056AC43 /* PBXContainerItemProxy */;
		};
/* End PBXTargetDependency section */

/* Begin PBXVariantGroup section */
		D9B371601BD9C9A00056AC43 /* LaunchScreen.storyboard */ = {
			isa = PBXVariantGroup;
			children = (
				D9B371611BD9C9A00056AC43 /* Base */,
			);
			name = LaunchScreen.storyboard;
			sourceTree = "<group>";
		};
/* End PBXVariantGroup section */

/* Begin XCBuildConfiguration section */
		D9B3717A1BD9C9A00056AC43 /* Debug */ = {
			isa = XCBuildConfiguration;
			buildSettings = {
				ALWAYS_SEARCH_USER_PATHS = NO;
				CLANG_CXX_LANGUAGE_STANDARD = "gnu++0x";
				CLANG_CXX_LIBRARY = "libc++";
				CLANG_ENABLE_MODULES = YES;
				CLANG_ENABLE_OBJC_ARC = YES;
				CLANG_WARN_BOOL_CONVERSION = YES;
				CLANG_WARN_CONSTANT_CONVERSION = YES;
				CLANG_WARN_DIRECT_OBJC_ISA_USAGE = YES_ERROR;
				CLANG_WARN_EMPTY_BODY = YES;
				CLANG_WARN_ENUM_CONVERSION = YES;
				CLANG_WARN_INT_CONVERSION = YES;
				CLANG_WARN_OBJC_ROOT_CLASS = YES_ERROR;
				CLANG_WARN_UNREACHABLE_CODE = YES;
				CLANG_WARN__DUPLICATE_METHOD_MATCH = YES;
				"CODE_SIGN_IDENTITY[sdk=iphoneos*]" = "iPhone Developer";
				COPY_PHASE_STRIP = NO;
				DEBUG_INFORMATION_FORMAT = dwarf;
				ENABLE_STRICT_OBJC_MSGSEND = YES;
				ENABLE_TESTABILITY = YES;
				GCC_C_LANGUAGE_STANDARD = gnu99;
				GCC_DYNAMIC_NO_PIC = NO;
				GCC_NO_COMMON_BLOCKS = YES;
				GCC_OPTIMIZATION_LEVEL = 0;
				GCC_PREPROCESSOR_DEFINITIONS = (
					"DEBUG=1",
					"$(inherited)",
				);
				GCC_WARN_64_TO_32_BIT_CONVERSION = YES;
				GCC_WARN_ABOUT_RETURN_TYPE = YES_ERROR;
				GCC_WARN_UNDECLARED_SELECTOR = YES;
				GCC_WARN_UNINITIALIZED_AUTOS = YES_AGGRESSIVE;
				GCC_WARN_UNUSED_FUNCTION = YES;
				GCC_WARN_UNUSED_VARIABLE = YES;
				IPHONEOS_DEPLOYMENT_TARGET = 9.0;
				MTL_ENABLE_DEBUG_INFO = YES;
				ONLY_ACTIVE_ARCH = YES;
				SDKROOT = iphoneos;
				SWIFT_OPTIMIZATION_LEVEL = "-Onone";
				TARGETED_DEVICE_FAMILY = "1,2";
			};
			name = Debug;
		};
		D9B3717B1BD9C9A00056AC43 /* Release */ = {
			isa = XCBuildConfiguration;
			buildSettings = {
				ALWAYS_SEARCH_USER_PATHS = NO;
				CLANG_CXX_LANGUAGE_STANDARD = "gnu++0x";
				CLANG_CXX_LIBRARY = "libc++";
				CLANG_ENABLE_MODULES = YES;
				CLANG_ENABLE_OBJC_ARC = YES;
				CLANG_WARN_BOOL_CONVERSION = YES;
				CLANG_WARN_CONSTANT_CONVERSION = YES;
				CLANG_WARN_DIRECT_OBJC_ISA_USAGE = YES_ERROR;
				CLANG_WARN_EMPTY_BODY = YES;
				CLANG_WARN_ENUM_CONVERSION = YES;
				CLANG_WARN_INT_CONVERSION = YES;
				CLANG_WARN_OBJC_ROOT_CLASS = YES_ERROR;
				CLANG_WARN_UNREACHABLE_CODE = YES;
				CLANG_WARN__DUPLICATE_METHOD_MATCH = YES;
				"CODE_SIGN_IDENTITY[sdk=iphoneos*]" = "iPhone Developer";
				COPY_PHASE_STRIP = NO;
				DEBUG_INFORMATION_FORMAT = "dwarf-with-dsym";
				ENABLE_NS_ASSERTIONS = NO;
				ENABLE_STRICT_OBJC_MSGSEND = YES;
				GCC_C_LANGUAGE_STANDARD = gnu99;
				GCC_NO_COMMON_BLOCKS = YES;
				GCC_WARN_64_TO_32_BIT_CONVERSION = YES;
				GCC_WARN_ABOUT_RETURN_TYPE = YES_ERROR;
				GCC_WARN_UNDECLARED_SELECTOR = YES;
				GCC_WARN_UNINITIALIZED_AUTOS = YES_AGGRESSIVE;
				GCC_WARN_UNUSED_FUNCTION = YES;
				GCC_WARN_UNUSED_VARIABLE = YES;
				IPHONEOS_DEPLOYMENT_TARGET = 9.0;
				MTL_ENABLE_DEBUG_INFO = NO;
				SDKROOT = iphoneos;
				TARGETED_DEVICE_FAMILY = "1,2";
				VALIDATE_PRODUCT = YES;
			};
			name = Release;
		};
		D9B3717D1BD9C9A00056AC43 /* Debug */ = {
			isa = XCBuildConfiguration;
			buildSettings = {
				ASSETCATALOG_COMPILER_APPICON_NAME = AppIcon;
				INFOPLIST_FILE = "侧边栏效果/Info.plist";
				LD_RUNPATH_SEARCH_PATHS = "$(inherited) @executable_path/Frameworks";
				PRODUCT_BUNDLE_IDENTIFIER = "mfang032.-----";
				PRODUCT_NAME = "$(TARGET_NAME)";
				SWIFT_OBJC_BRIDGING_HEADER = "$SRCROOT/侧边栏效果/侧边栏效果-Bridging-Header.h";
			};
			name = Debug;
		};
		D9B3717E1BD9C9A00056AC43 /* Release */ = {
			isa = XCBuildConfiguration;
			buildSettings = {
				ASSETCATALOG_COMPILER_APPICON_NAME = AppIcon;
				INFOPLIST_FILE = "侧边栏效果/Info.plist";
				LD_RUNPATH_SEARCH_PATHS = "$(inherited) @executable_path/Frameworks";
				PRODUCT_BUNDLE_IDENTIFIER = "mfang032.-----";
				PRODUCT_NAME = "$(TARGET_NAME)";
				SWIFT_OBJC_BRIDGING_HEADER = "$SRCROOT/侧边栏效果/侧边栏效果-Bridging-Header.h";
			};
			name = Release;
		};
		D9B371801BD9C9A00056AC43 /* Debug */ = {
			isa = XCBuildConfiguration;
			buildSettings = {
				BUNDLE_LOADER = "$(TEST_HOST)";
				INFOPLIST_FILE = "侧边栏效果Tests/Info.plist";
				LD_RUNPATH_SEARCH_PATHS = "$(inherited) @executable_path/Frameworks @loader_path/Frameworks";
				PRODUCT_BUNDLE_IDENTIFIER = "mfang032.-----Tests";
				PRODUCT_NAME = "$(TARGET_NAME)";
				TEST_HOST = "$(BUILT_PRODUCTS_DIR)/侧边栏效果.app/侧边栏效果";
			};
			name = Debug;
		};
		D9B371811BD9C9A00056AC43 /* Release */ = {
			isa = XCBuildConfiguration;
			buildSettings = {
				BUNDLE_LOADER = "$(TEST_HOST)";
				INFOPLIST_FILE = "侧边栏效果Tests/Info.plist";
				LD_RUNPATH_SEARCH_PATHS = "$(inherited) @executable_path/Frameworks @loader_path/Frameworks";
				PRODUCT_BUNDLE_IDENTIFIER = "mfang032.-----Tests";
				PRODUCT_NAME = "$(TARGET_NAME)";
				TEST_HOST = "$(BUILT_PRODUCTS_DIR)/侧边栏效果.app/侧边栏效果";
			};
			name = Release;
		};
		D9B371831BD9C9A00056AC43 /* Debug */ = {
			isa = XCBuildConfiguration;
			buildSettings = {
				INFOPLIST_FILE = "侧边栏效果UITests/Info.plist";
				LD_RUNPATH_SEARCH_PATHS = "$(inherited) @executable_path/Frameworks @loader_path/Frameworks";
				PRODUCT_BUNDLE_IDENTIFIER = "mfang032.-----UITests";
				PRODUCT_NAME = "$(TARGET_NAME)";
				TEST_TARGET_NAME = "侧边栏效果";
				USES_XCTRUNNER = YES;
			};
			name = Debug;
		};
		D9B371841BD9C9A00056AC43 /* Release */ = {
			isa = XCBuildConfiguration;
			buildSettings = {
				INFOPLIST_FILE = "侧边栏效果UITests/Info.plist";
				LD_RUNPATH_SEARCH_PATHS = "$(inherited) @executable_path/Frameworks @loader_path/Frameworks";
				PRODUCT_BUNDLE_IDENTIFIER = "mfang032.-----UITests";
				PRODUCT_NAME = "$(TARGET_NAME)";
				TEST_TARGET_NAME = "侧边栏效果";
				USES_XCTRUNNER = YES;
			};
			name = Release;
		};
/* End XCBuildConfiguration section */

/* Begin XCConfigurationList section */
		D9B3714F1BD9C99F0056AC43 /* Build configuration list for PBXProject "侧边栏效果" */ = {
			isa = XCConfigurationList;
			buildConfigurations = (
				D9B3717A1BD9C9A00056AC43 /* Debug */,
				D9B3717B1BD9C9A00056AC43 /* Release */,
			);
			defaultConfigurationIsVisible = 0;
			defaultConfigurationName = Release;
		};
		D9B3717C1BD9C9A00056AC43 /* Build configuration list for PBXNativeTarget "侧边栏效果" */ = {
			isa = XCConfigurationList;
			buildConfigurations = (
				D9B3717D1BD9C9A00056AC43 /* Debug */,
				D9B3717E1BD9C9A00056AC43 /* Release */,
			);
			defaultConfigurationIsVisible = 0;
			defaultConfigurationName = Release;
		};
		D9B3717F1BD9C9A00056AC43 /* Build configuration list for PBXNativeTarget "侧边栏效果Tests" */ = {
			isa = XCConfigurationList;
			buildConfigurations = (
				D9B371801BD9C9A00056AC43 /* Debug */,
				D9B371811BD9C9A00056AC43 /* Release */,
			);
			defaultConfigurationIsVisible = 0;
			defaultConfigurationName = Release;
		};
		D9B371821BD9C9A00056AC43 /* Build configuration list for PBXNativeTarget "侧边栏效果UITests" */ = {
			isa = XCConfigurationList;
			buildConfigurations = (
				D9B371831BD9C9A00056AC43 /* Debug */,
				D9B371841BD9C9A00056AC43 /* Release */,
			);
			defaultConfigurationIsVisible = 0;
			defaultConfigurationName = Release;
		};
/* End XCConfigurationList section */
	};
	rootObject = D9B3714C1BD9C99F0056AC43 /* Project object */;
}
